// !$*UTF8*$!
{
	archiveVersion = 1;
	classes = {
	};
	objectVersion = 50;
	objects = {

/* Begin PBXBuildFile section */
		873247582167B3A1002CA196 /* AppDelegate.swift in Sources */ = {isa = PBXBuildFile; fileRef = 873247572167B3A1002CA196 /* AppDelegate.swift */; };
		8732475A2167B3A1002CA196 /* ViewController.swift in Sources */ = {isa = PBXBuildFile; fileRef = 873247592167B3A1002CA196 /* ViewController.swift */; };
		8732475D2167B3A1002CA196 /* Main.storyboard in Resources */ = {isa = PBXBuildFile; fileRef = 8732475B2167B3A1002CA196 /* Main.storyboard */; };
		8732475F2167B3A2002CA196 /* Assets.xcassets in Resources */ = {isa = PBXBuildFile; fileRef = 8732475E2167B3A2002CA196 /* Assets.xcassets */; };
		873247622167B3A2002CA196 /* LaunchScreen.storyboard in Resources */ = {isa = PBXBuildFile; fileRef = 873247602167B3A2002CA196 /* LaunchScreen.storyboard */; };
		8732476D2167B3A2002CA196 /* LambdaProject1Tests.swift in Sources */ = {isa = PBXBuildFile; fileRef = 8732476C2167B3A2002CA196 /* LambdaProject1Tests.swift */; };
		873247782167B3A2002CA196 /* LambdaProject1UITests.swift in Sources */ = {isa = PBXBuildFile; fileRef = 873247772167B3A2002CA196 /* LambdaProject1UITests.swift */; };
/* End PBXBuildFile section */

/* Begin PBXContainerItemProxy section */
		873247692167B3A2002CA196 /* PBXContainerItemProxy */ = {
			isa = PBXContainerItemProxy;
			containerPortal = 8732474C2167B3A1002CA196 /* Project object */;
			proxyType = 1;
			remoteGlobalIDString = 873247532167B3A1002CA196;
			remoteInfo = LambdaProject1;
		};
		873247742167B3A2002CA196 /* PBXContainerItemProxy */ = {
			isa = PBXContainerItemProxy;
			containerPortal = 8732474C2167B3A1002CA196 /* Project object */;
			proxyType = 1;
			remoteGlobalIDString = 873247532167B3A1002CA196;
			remoteInfo = LambdaProject1;
		};
/* End PBXContainerItemProxy section */

/* Begin PBXFileReference section */
		873247542167B3A1002CA196 /* LambdaProject1.app */ = {isa = PBXFileReference; explicitFileType = wrapper.application; includeInIndex = 0; path = LambdaProject1.app; sourceTree = BUILT_PRODUCTS_DIR; };
		873247572167B3A1002CA196 /* AppDelegate.swift */ = {isa = PBXFileReference; lastKnownFileType = sourcecode.swift; path = AppDelegate.swift; sourceTree = "<group>"; };
		873247592167B3A1002CA196 /* ViewController.swift */ = {isa = PBXFileReference; lastKnownFileType = sourcecode.swift; path = ViewController.swift; sourceTree = "<group>"; };
		8732475C2167B3A1002CA196 /* Base */ = {isa = PBXFileReference; lastKnownFileType = file.storyboard; name = Base; path = Base.lproj/Main.storyboard; sourceTree = "<group>"; };
		8732475E2167B3A2002CA196 /* Assets.xcassets */ = {isa = PBXFileReference; lastKnownFileType = folder.assetcatalog; path = Assets.xcassets; sourceTree = "<group>"; };
		873247612167B3A2002CA196 /* Base */ = {isa = PBXFileReference; lastKnownFileType = file.storyboard; name = Base; path = Base.lproj/LaunchScreen.storyboard; sourceTree = "<group>"; };
		873247632167B3A2002CA196 /* Info.plist */ = {isa = PBXFileReference; lastKnownFileType = text.plist.xml; path = Info.plist; sourceTree = "<group>"; };
		873247682167B3A2002CA196 /* LambdaProject1Tests.xctest */ = {isa = PBXFileReference; explicitFileType = wrapper.cfbundle; includeInIndex = 0; path = LambdaProject1Tests.xctest; sourceTree = BUILT_PRODUCTS_DIR; };
		8732476C2167B3A2002CA196 /* LambdaProject1Tests.swift */ = {isa = PBXFileReference; lastKnownFileType = sourcecode.swift; path = LambdaProject1Tests.swift; sourceTree = "<group>"; };
		8732476E2167B3A2002CA196 /* Info.plist */ = {isa = PBXFileReference; lastKnownFileType = text.plist.xml; path = Info.plist; sourceTree = "<group>"; };
		873247732167B3A2002CA196 /* LambdaProject1UITests.xctest */ = {isa = PBXFileReference; explicitFileType = wrapper.cfbundle; includeInIndex = 0; path = LambdaProject1UITests.xctest; sourceTree = BUILT_PRODUCTS_DIR; };
		873247772167B3A2002CA196 /* LambdaProject1UITests.swift */ = {isa = PBXFileReference; lastKnownFileType = sourcecode.swift; path = LambdaProject1UITests.swift; sourceTree = "<group>"; };
		873247792167B3A2002CA196 /* Info.plist */ = {isa = PBXFileReference; lastKnownFileType = text.plist.xml; path = Info.plist; sourceTree = "<group>"; };
/* End PBXFileReference section */

/* Begin PBXFrameworksBuildPhase section */
		873247512167B3A1002CA196 /* Frameworks */ = {
			isa = PBXFrameworksBuildPhase;
			buildActionMask = 2147483647;
			files = (
			);
			runOnlyForDeploymentPostprocessing = 0;
		};
		873247652167B3A2002CA196 /* Frameworks */ = {
			isa = PBXFrameworksBuildPhase;
			buildActionMask = 2147483647;
			files = (
			);
			runOnlyForDeploymentPostprocessing = 0;
		};
		873247702167B3A2002CA196 /* Frameworks */ = {
			isa = PBXFrameworksBuildPhase;
			buildActionMask = 2147483647;
			files = (
			);
			runOnlyForDeploymentPostprocessing = 0;
		};
/* End PBXFrameworksBuildPhase section */

/* Begin PBXGroup section */
		8732474B2167B3A1002CA196 = {
			isa = PBXGroup;
			children = (
				873247562167B3A1002CA196 /* LambdaProject1 */,
				8732476B2167B3A2002CA196 /* LambdaProject1Tests */,
				873247762167B3A2002CA196 /* LambdaProject1UITests */,
				873247552167B3A1002CA196 /* Products */,
			);
			sourceTree = "<group>";
		};
		873247552167B3A1002CA196 /* Products */ = {
			isa = PBXGroup;
			children = (
				873247542167B3A1002CA196 /* LambdaProject1.app */,
				873247682167B3A2002CA196 /* LambdaProject1Tests.xctest */,
				873247732167B3A2002CA196 /* LambdaProject1UITests.xctest */,
			);
			name = Products;
			sourceTree = "<group>";
		};
		873247562167B3A1002CA196 /* LambdaProject1 */ = {
			isa = PBXGroup;
			children = (
				873247572167B3A1002CA196 /* AppDelegate.swift */,
				873247592167B3A1002CA196 /* ViewController.swift */,
				8732475B2167B3A1002CA196 /* Main.storyboard */,
				8732475E2167B3A2002CA196 /* Assets.xcassets */,
				873247602167B3A2002CA196 /* LaunchScreen.storyboard */,
				873247632167B3A2002CA196 /* Info.plist */,
			);
			path = LambdaProject1;
			sourceTree = "<group>";
		};
		8732476B2167B3A2002CA196 /* LambdaProject1Tests */ = {
			isa = PBXGroup;
			children = (
				8732476C2167B3A2002CA196 /* LambdaProject1Tests.swift */,
				8732476E2167B3A2002CA196 /* Info.plist */,
			);
			path = LambdaProject1Tests;
			sourceTree = "<group>";
		};
		873247762167B3A2002CA196 /* LambdaProject1UITests */ = {
			isa = PBXGroup;
			children = (
				873247772167B3A2002CA196 /* LambdaProject1UITests.swift */,
				873247792167B3A2002CA196 /* Info.plist */,
			);
			path = LambdaProject1UITests;
			sourceTree = "<group>";
		};
/* End PBXGroup section */

/* Begin PBXNativeTarget section */
		873247532167B3A1002CA196 /* LambdaProject1 */ = {
			isa = PBXNativeTarget;
			buildConfigurationList = 8732477C2167B3A2002CA196 /* Build configuration list for PBXNativeTarget "LambdaProject1" */;
			buildPhases = (
				873247502167B3A1002CA196 /* Sources */,
				873247512167B3A1002CA196 /* Frameworks */,
				873247522167B3A1002CA196 /* Resources */,
			);
			buildRules = (
			);
			dependencies = (
			);
			name = LambdaProject1;
			productName = LambdaProject1;
			productReference = 873247542167B3A1002CA196 /* LambdaProject1.app */;
			productType = "com.apple.product-type.application";
		};
		873247672167B3A2002CA196 /* LambdaProject1Tests */ = {
			isa = PBXNativeTarget;
			buildConfigurationList = 8732477F2167B3A2002CA196 /* Build configuration list for PBXNativeTarget "LambdaProject1Tests" */;
			buildPhases = (
				873247642167B3A2002CA196 /* Sources */,
				873247652167B3A2002CA196 /* Frameworks */,
				873247662167B3A2002CA196 /* Resources */,
			);
			buildRules = (
			);
			dependencies = (
				8732476A2167B3A2002CA196 /* PBXTargetDependency */,
			);
			name = LambdaProject1Tests;
			productName = LambdaProject1Tests;
			productReference = 873247682167B3A2002CA196 /* LambdaProject1Tests.xctest */;
			productType = "com.apple.product-type.bundle.unit-test";
		};
		873247722167B3A2002CA196 /* LambdaProject1UITests */ = {
			isa = PBXNativeTarget;
			buildConfigurationList = 873247822167B3A2002CA196 /* Build configuration list for PBXNativeTarget "LambdaProject1UITests" */;
			buildPhases = (
				8732476F2167B3A2002CA196 /* Sources */,
				873247702167B3A2002CA196 /* Frameworks */,
				873247712167B3A2002CA196 /* Resources */,
			);
			buildRules = (
			);
			dependencies = (
				873247752167B3A2002CA196 /* PBXTargetDependency */,
			);
			name = LambdaProject1UITests;
			productName = LambdaProject1UITests;
			productReference = 873247732167B3A2002CA196 /* LambdaProject1UITests.xctest */;
			productType = "com.apple.product-type.bundle.ui-testing";
		};
/* End PBXNativeTarget section */

/* Begin PBXProject section */
		8732474C2167B3A1002CA196 /* Project object */ = {
			isa = PBXProject;
			attributes = {
				LastSwiftUpdateCheck = 1000;
				LastUpgradeCheck = 1000;
				ORGANIZATIONNAME = "Ariel M. McLaughlin";
				TargetAttributes = {
					873247532167B3A1002CA196 = {
						CreatedOnToolsVersion = 10.0;
					};
					873247672167B3A2002CA196 = {
						CreatedOnToolsVersion = 10.0;
						TestTargetID = 873247532167B3A1002CA196;
					};
					873247722167B3A2002CA196 = {
						CreatedOnToolsVersion = 10.0;
						TestTargetID = 873247532167B3A1002CA196;
					};
				};
			};
			buildConfigurationList = 8732474F2167B3A1002CA196 /* Build configuration list for PBXProject "LambdaProject1" */;
			compatibilityVersion = "Xcode 9.3";
			developmentRegion = en;
			hasScannedForEncodings = 0;
			knownRegions = (
				en,
				Base,
			);
			mainGroup = 8732474B2167B3A1002CA196;
			productRefGroup = 873247552167B3A1002CA196 /* Products */;
			projectDirPath = "";
			projectRoot = "";
			targets = (
				873247532167B3A1002CA196 /* LambdaProject1 */,
				873247672167B3A2002CA196 /* LambdaProject1Tests */,
				873247722167B3A2002CA196 /* LambdaProject1UITests */,
			);
		};
/* End PBXProject section */

/* Begin PBXResourcesBuildPhase section */
		873247522167B3A1002CA196 /* Resources */ = {
			isa = PBXResourcesBuildPhase;
			buildActionMask = 2147483647;
			files = (
				873247622167B3A2002CA196 /* LaunchScreen.storyboard in Resources */,
				8732475F2167B3A2002CA196 /* Assets.xcassets in Resources */,
				8732475D2167B3A1002CA196 /* Main.storyboard in Resources */,
			);
			runOnlyForDeploymentPostprocessing = 0;
		};
		873247662167B3A2002CA196 /* Resources */ = {
			isa = PBXResourcesBuildPhase;
			buildActionMask = 2147483647;
			files = (
			);
			runOnlyForDeploymentPostprocessing = 0;
		};
		873247712167B3A2002CA196 /* Resources */ = {
			isa = PBXResourcesBuildPhase;
			buildActionMask = 2147483647;
			files = (
			);
			runOnlyForDeploymentPostprocessing = 0;
		};
/* End PBXResourcesBuildPhase section */

/* Begin PBXSourcesBuildPhase section */
		873247502167B3A1002CA196 /* Sources */ = {
			isa = PBXSourcesBuildPhase;
			buildActionMask = 2147483647;
			files = (
				8732475A2167B3A1002CA196 /* ViewController.swift in Sources */,
				873247582167B3A1002CA196 /* AppDelegate.swift in Sources */,
			);
			runOnlyForDeploymentPostprocessing = 0;
		};
		873247642167B3A2002CA196 /* Sources */ = {
			isa = PBXSourcesBuildPhase;
			buildActionMask = 2147483647;
			files = (
				8732476D2167B3A2002CA196 /* LambdaProject1Tests.swift in Sources */,
			);
			runOnlyForDeploymentPostprocessing = 0;
		};
		8732476F2167B3A2002CA196 /* Sources */ = {
			isa = PBXSourcesBuildPhase;
			buildActionMask = 2147483647;
			files = (
				873247782167B3A2002CA196 /* LambdaProject1UITests.swift in Sources */,
			);
			runOnlyForDeploymentPostprocessing = 0;
		};
/* End PBXSourcesBuildPhase section */

/* Begin PBXTargetDependency section */
		8732476A2167B3A2002CA196 /* PBXTargetDependency */ = {
			isa = PBXTargetDependency;
			target = 873247532167B3A1002CA196 /* LambdaProject1 */;
			targetProxy = 873247692167B3A2002CA196 /* PBXContainerItemProxy */;
		};
		873247752167B3A2002CA196 /* PBXTargetDependency */ = {
			isa = PBXTargetDependency;
			target = 873247532167B3A1002CA196 /* LambdaProject1 */;
			targetProxy = 873247742167B3A2002CA196 /* PBXContainerItemProxy */;
		};
/* End PBXTargetDependency section */

/* Begin PBXVariantGroup section */
		8732475B2167B3A1002CA196 /* Main.storyboard */ = {
			isa = PBXVariantGroup;
			children = (
				8732475C2167B3A1002CA196 /* Base */,
			);
			name = Main.storyboard;
			sourceTree = "<group>";
		};
		873247602167B3A2002CA196 /* LaunchScreen.storyboard */ = {
			isa = PBXVariantGroup;
			children = (
				873247612167B3A2002CA196 /* Base */,
			);
			name = LaunchScreen.storyboard;
			sourceTree = "<group>";
		};
/* End PBXVariantGroup section */

/* Begin XCBuildConfiguration section */
		8732477A2167B3A2002CA196 /* Debug */ = {
			isa = XCBuildConfiguration;
			buildSettings = {
				ALWAYS_SEARCH_USER_PATHS = NO;
				CLANG_ANALYZER_NONNULL = YES;
				CLANG_ANALYZER_NUMBER_OBJECT_CONVERSION = YES_AGGRESSIVE;
				CLANG_CXX_LANGUAGE_STANDARD = "gnu++14";
				CLANG_CXX_LIBRARY = "libc++";
				CLANG_ENABLE_MODULES = YES;
				CLANG_ENABLE_OBJC_ARC = YES;
				CLANG_ENABLE_OBJC_WEAK = YES;
				CLANG_WARN_BLOCK_CAPTURE_AUTORELEASING = YES;
				CLANG_WARN_BOOL_CONVERSION = YES;
				CLANG_WARN_COMMA = YES;
				CLANG_WARN_CONSTANT_CONVERSION = YES;
				CLANG_WARN_DEPRECATED_OBJC_IMPLEMENTATIONS = YES;
				CLANG_WARN_DIRECT_OBJC_ISA_USAGE = YES_ERROR;
				CLANG_WARN_DOCUMENTATION_COMMENTS = YES;
				CLANG_WARN_EMPTY_BODY = YES;
				CLANG_WARN_ENUM_CONVERSION = YES;
				CLANG_WARN_INFINITE_RECURSION = YES;
				CLANG_WARN_INT_CONVERSION = YES;
				CLANG_WARN_NON_LITERAL_NULL_CONVERSION = YES;
				CLANG_WARN_OBJC_IMPLICIT_RETAIN_SELF = YES;
				CLANG_WARN_OBJC_LITERAL_CONVERSION = YES;
				CLANG_WARN_OBJC_ROOT_CLASS = YES_ERROR;
				CLANG_WARN_RANGE_LOOP_ANALYSIS = YES;
				CLANG_WARN_STRICT_PROTOTYPES = YES;
				CLANG_WARN_SUSPICIOUS_MOVE = YES;
				CLANG_WARN_UNGUARDED_AVAILABILITY = YES_AGGRESSIVE;
				CLANG_WARN_UNREACHABLE_CODE = YES;
				CLANG_WARN__DUPLICATE_METHOD_MATCH = YES;
				CODE_SIGN_IDENTITY = "iPhone Developer";
				COPY_PHASE_STRIP = NO;
				DEBUG_INFORMATION_FORMAT = dwarf;
				ENABLE_STRICT_OBJC_MSGSEND = YES;
				ENABLE_TESTABILITY = YES;
				GCC_C_LANGUAGE_STANDARD = gnu11;
				GCC_DYNAMIC_NO_PIC = NO;
				GCC_NO_COMMON_BLOCKS = YES;
				GCC_OPTIMIZATION_LEVEL = 0;
				GCC_PREPROCESSOR_DEFINITIONS = (
					"DEBUG=1",
					"$(inherited)",
				);
				GCC_WARN_64_TO_32_BIT_CONVERSION = YES;
				GCC_WARN_ABOUT_RETURN_TYPE = YES_ERROR;
				GCC_WARN_UNDECLARED_SELECTOR = YES;
				GCC_WARN_UNINITIALIZED_AUTOS = YES_AGGRESSIVE;
				GCC_WARN_UNUSED_FUNCTION = YES;
				GCC_WARN_UNUSED_VARIABLE = YES;
				IPHONEOS_DEPLOYMENT_TARGET = 12.0;
				MTL_ENABLE_DEBUG_INFO = INCLUDE_SOURCE;
				MTL_FAST_MATH = YES;
				ONLY_ACTIVE_ARCH = YES;
				SDKROOT = iphoneos;
				SWIFT_ACTIVE_COMPILATION_CONDITIONS = DEBUG;
				SWIFT_OPTIMIZATION_LEVEL = "-Onone";
			};
			name = Debug;
		};
		8732477B2167B3A2002CA196 /* Release */ = {
			isa = XCBuildConfiguration;
			buildSettings = {
				ALWAYS_SEARCH_USER_PATHS = NO;
				CLANG_ANALYZER_NONNULL = YES;
				CLANG_ANALYZER_NUMBER_OBJECT_CONVERSION = YES_AGGRESSIVE;
				CLANG_CXX_LANGUAGE_STANDARD = "gnu++14";
				CLANG_CXX_LIBRARY = "libc++";
				CLANG_ENABLE_MODULES = YES;
				CLANG_ENABLE_OBJC_ARC = YES;
				CLANG_ENABLE_OBJC_WEAK = YES;
				CLANG_WARN_BLOCK_CAPTURE_AUTORELEASING = YES;
				CLANG_WARN_BOOL_CONVERSION = YES;
				CLANG_WARN_COMMA = YES;
				CLANG_WARN_CONSTANT_CONVERSION = YES;
				CLANG_WARN_DEPRECATED_OBJC_IMPLEMENTATIONS = YES;
				CLANG_WARN_DIRECT_OBJC_ISA_USAGE = YES_ERROR;
				CLANG_WARN_DOCUMENTATION_COMMENTS = YES;
				CLANG_WARN_EMPTY_BODY = YES;
				CLANG_WARN_ENUM_CONVERSION = YES;
				CLANG_WARN_INFINITE_RECURSION = YES;
				CLANG_WARN_INT_CONVERSION = YES;
				CLANG_WARN_NON_LITERAL_NULL_CONVERSION = YES;
				CLANG_WARN_OBJC_IMPLICIT_RETAIN_SELF = YES;
				CLANG_WARN_OBJC_LITERAL_CONVERSION = YES;
				CLANG_WARN_OBJC_ROOT_CLASS = YES_ERROR;
				CLANG_WARN_RANGE_LOOP_ANALYSIS = YES;
				CLANG_WARN_STRICT_PROTOTYPES = YES;
				CLANG_WARN_SUSPICIOUS_MOVE = YES;
				CLANG_WARN_UNGUARDED_AVAILABILITY = YES_AGGRESSIVE;
				CLANG_WARN_UNREACHABLE_CODE = YES;
				CLANG_WARN__DUPLICATE_METHOD_MATCH = YES;
				CODE_SIGN_IDENTITY = "iPhone Developer";
				COPY_PHASE_STRIP = NO;
				DEBUG_INFORMATION_FORMAT = "dwarf-with-dsym";
				ENABLE_NS_ASSERTIONS = NO;
				ENABLE_STRICT_OBJC_MSGSEND = YES;
				GCC_C_LANGUAGE_STANDARD = gnu11;
				GCC_NO_COMMON_BLOCKS = YES;
				GCC_WARN_64_TO_32_BIT_CONVERSION = YES;
				GCC_WARN_ABOUT_RETURN_TYPE = YES_ERROR;
				GCC_WARN_UNDECLARED_SELECTOR = YES;
				GCC_WARN_UNINITIALIZED_AUTOS = YES_AGGRESSIVE;
				GCC_WARN_UNUSED_FUNCTION = YES;
				GCC_WARN_UNUSED_VARIABLE = YES;
				IPHONEOS_DEPLOYMENT_TARGET = 12.0;
				MTL_ENABLE_DEBUG_INFO = NO;
				MTL_FAST_MATH = YES;
				SDKROOT = iphoneos;
				SWIFT_COMPILATION_MODE = wholemodule;
				SWIFT_OPTIMIZATION_LEVEL = "-O";
				VALIDATE_PRODUCT = YES;
			};
			name = Release;
		};
		8732477D2167B3A2002CA196 /* Debug */ = {
			isa = XCBuildConfiguration;
			buildSettings = {
				ASSETCATALOG_COMPILER_APPICON_NAME = AppIcon;
				CODE_SIGN_STYLE = Automatic;
				DEVELOPMENT_TEAM = LP562MV2A4;
				INFOPLIST_FILE = LambdaProject1/Info.plist;
				LD_RUNPATH_SEARCH_PATHS = (
					"$(inherited)",
					"@executable_path/Frameworks",
				);
				PRODUCT_BUNDLE_IDENTIFIER = SprintModule.LambdaProject1;
				PRODUCT_NAME = "$(TARGET_NAME)";
				SWIFT_VERSION = 4.2;
				TARGETED_DEVICE_FAMILY = "1,2";
			};
			name = Debug;
		};
		8732477E2167B3A2002CA196 /* Release */ = {
			isa = XCBuildConfiguration;
			buildSettings = {
				ASSETCATALOG_COMPILER_APPICON_NAME = AppIcon;
				CODE_SIGN_STYLE = Automatic;
				DEVELOPMENT_TEAM = LP562MV2A4;
				INFOPLIST_FILE = LambdaProject1/Info.plist;
				LD_RUNPATH_SEARCH_PATHS = (
					"$(inherited)",
					"@executable_path/Frameworks",
				);
				PRODUCT_BUNDLE_IDENTIFIER = SprintModule.LambdaProject1;
				PRODUCT_NAME = "$(TARGET_NAME)";
				SWIFT_VERSION = 4.2;
				TARGETED_DEVICE_FAMILY = "1,2";
			};
			name = Release;
		};
		873247802167B3A2002CA196 /* Debug */ = {
			isa = XCBuildConfiguration;
			buildSettings = {
				ALWAYS_EMBED_SWIFT_STANDARD_LIBRARIES = YES;
				BUNDLE_LOADER = "$(TEST_HOST)";
				CODE_SIGN_STYLE = Automatic;
				DEVELOPMENT_TEAM = LP562MV2A4;
				INFOPLIST_FILE = LambdaProject1Tests/Info.plist;
				LD_RUNPATH_SEARCH_PATHS = (
					"$(inherited)",
					"@executable_path/Frameworks",
					"@loader_path/Frameworks",
				);
				PRODUCT_BUNDLE_IDENTIFIER = SprintModule.LambdaProject1Tests;
				PRODUCT_NAME = "$(TARGET_NAME)";
				SWIFT_VERSION = 4.2;
				TARGETED_DEVICE_FAMILY = "1,2";
				TEST_HOST = "$(BUILT_PRODUCTS_DIR)/LambdaProject1.app/LambdaProject1";
			};
			name = Debug;
		};
		873247812167B3A2002CA196 /* Release */ = {
			isa = XCBuildConfiguration;
			buildSettings = {
				ALWAYS_EMBED_SWIFT_STANDARD_LIBRARIES = YES;
				BUNDLE_LOADER = "$(TEST_HOST)";
				CODE_SIGN_STYLE = Automatic;
				DEVELOPMENT_TEAM = LP562MV2A4;
				INFOPLIST_FILE = LambdaProject1Tests/Info.plist;
				LD_RUNPATH_SEARCH_PATHS = (
					"$(inherited)",
					"@executable_path/Frameworks",
					"@loader_path/Frameworks",
				);
				PRODUCT_BUNDLE_IDENTIFIER = SprintModule.LambdaProject1Tests;
				PRODUCT_NAME = "$(TARGET_NAME)";
				SWIFT_VERSION = 4.2;
				TARGETED_DEVICE_FAMILY = "1,2";
				TEST_HOST = "$(BUILT_PRODUCTS_DIR)/LambdaProject1.app/LambdaProject1";
			};
			name = Release;
		};
		873247832167B3A2002CA196 /* Debug */ = {
			isa = XCBuildConfiguration;
			buildSettings = {
				ALWAYS_EMBED_SWIFT_STANDARD_LIBRARIES = YES;
				CODE_SIGN_STYLE = Automatic;
				DEVELOPMENT_TEAM = LP562MV2A4;
				INFOPLIST_FILE = LambdaProject1UITests/Info.plist;
				LD_RUNPATH_SEARCH_PATHS = (
					"$(inherited)",
					"@executable_path/Frameworks",
					"@loader_path/Frameworks",
				);
				PRODUCT_BUNDLE_IDENTIFIER = SprintModule.LambdaProject1UITests;
				PRODUCT_NAME = "$(TARGET_NAME)";
				SWIFT_VERSION = 4.2;
				TARGETED_DEVICE_FAMILY = "1,2";
				TEST_TARGET_NAME = LambdaProject1;
			};
			name = Debug;
		};
		873247842167B3A2002CA196 /* Release */ = {
			isa = XCBuildConfiguration;
			buildSettings = {
				ALWAYS_EMBED_SWIFT_STANDARD_LIBRARIES = YES;
				CODE_SIGN_STYLE = Automatic;
				DEVELOPMENT_TEAM = LP562MV2A4;
				INFOPLIST_FILE = LambdaProject1UITests/Info.plist;
				LD_RUNPATH_SEARCH_PATHS = (
					"$(inherited)",
					"@executable_path/Frameworks",
					"@loader_path/Frameworks",
				);
				PRODUCT_BUNDLE_IDENTIFIER = SprintModule.LambdaProject1UITests;
				PRODUCT_NAME = "$(TARGET_NAME)";
				SWIFT_VERSION = 4.2;
				TARGETED_DEVICE_FAMILY = "1,2";
				TEST_TARGET_NAME = LambdaProject1;
			};
			name = Release;
		};
/* End XCBuildConfiguration section */

/* Begin XCConfigurationList section */
		8732474F2167B3A1002CA196 /* Build configuration list for PBXProject "LambdaProject1" */ = {
			isa = XCConfigurationList;
			buildConfigurations = (
				8732477A2167B3A2002CA196 /* Debug */,
				8732477B2167B3A2002CA196 /* Release */,
			);
			defaultConfigurationIsVisible = 0;
			defaultConfigurationName = Release;
		};
		8732477C2167B3A2002CA196 /* Build configuration list for PBXNativeTarget "LambdaProject1" */ = {
			isa = XCConfigurationList;
			buildConfigurations = (
				8732477D2167B3A2002CA196 /* Debug */,
				8732477E2167B3A2002CA196 /* Release */,
			);
			defaultConfigurationIsVisible = 0;
			defaultConfigurationName = Release;
		};
		8732477F2167B3A2002CA196 /* Build configuration list for PBXNativeTarget "LambdaProject1Tests" */ = {
			isa = XCConfigurationList;
			buildConfigurations = (
				873247802167B3A2002CA196 /* Debug */,
				873247812167B3A2002CA196 /* Release */,
			);
			defaultConfigurationIsVisible = 0;
			defaultConfigurationName = Release;
		};
		873247822167B3A2002CA196 /* Build configuration list for PBXNativeTarget "LambdaProject1UITests" */ = {
			isa = XCConfigurationList;
			buildConfigurations = (
				873247832167B3A2002CA196 /* Debug */,
				873247842167B3A2002CA196 /* Release */,
			);
			defaultConfigurationIsVisible = 0;
			defaultConfigurationName = Release;
		};
/* End XCConfigurationList section */
	};
	rootObject = 8732474C2167B3A1002CA196 /* Project object */;
}
