// !$*UTF8*$!
{
	archiveVersion = 1;
	classes = {
	};
	objectVersion = 50;
	objects = {

/* Begin PBXBuildFile section */
		87B20C45216D5E43006085A7 /* AppDelegate.swift in Sources */ = {isa = PBXBuildFile; fileRef = 87B20C44216D5E43006085A7 /* AppDelegate.swift */; };
		87B20C47216D5E43006085A7 /* ViewController.swift in Sources */ = {isa = PBXBuildFile; fileRef = 87B20C46216D5E43006085A7 /* ViewController.swift */; };
		87B20C4A216D5E43006085A7 /* Main.storyboard in Resources */ = {isa = PBXBuildFile; fileRef = 87B20C48216D5E43006085A7 /* Main.storyboard */; };
		87B20C4C216D5E44006085A7 /* Assets.xcassets in Resources */ = {isa = PBXBuildFile; fileRef = 87B20C4B216D5E44006085A7 /* Assets.xcassets */; };
		87B20C4F216D5E44006085A7 /* LaunchScreen.storyboard in Resources */ = {isa = PBXBuildFile; fileRef = 87B20C4D216D5E44006085A7 /* LaunchScreen.storyboard */; };
		87B20C5A216D5E44006085A7 /* Oct9RedoTests.swift in Sources */ = {isa = PBXBuildFile; fileRef = 87B20C59216D5E44006085A7 /* Oct9RedoTests.swift */; };
		87B20C65216D5E44006085A7 /* Oct9RedoUITests.swift in Sources */ = {isa = PBXBuildFile; fileRef = 87B20C64216D5E44006085A7 /* Oct9RedoUITests.swift */; };
		87B20C73216D6061006085A7 /* UIColor-Utility.swift in Sources */ = {isa = PBXBuildFile; fileRef = 87B20C72216D6061006085A7 /* UIColor-Utility.swift */; };
		87B20C75216D609C006085A7 /* UIView-Utility .swift in Sources */ = {isa = PBXBuildFile; fileRef = 87B20C74216D609C006085A7 /* UIView-Utility .swift */; };
		87B20C77216D60B2006085A7 /* DragView.swift in Sources */ = {isa = PBXBuildFile; fileRef = 87B20C76216D60B2006085A7 /* DragView.swift */; };
/* End PBXBuildFile section */

/* Begin PBXContainerItemProxy section */
		87B20C56216D5E44006085A7 /* PBXContainerItemProxy */ = {
			isa = PBXContainerItemProxy;
			containerPortal = 87B20C39216D5E43006085A7 /* Project object */;
			proxyType = 1;
			remoteGlobalIDString = 87B20C40216D5E43006085A7;
			remoteInfo = Oct9Redo;
		};
		87B20C61216D5E44006085A7 /* PBXContainerItemProxy */ = {
			isa = PBXContainerItemProxy;
			containerPortal = 87B20C39216D5E43006085A7 /* Project object */;
			proxyType = 1;
			remoteGlobalIDString = 87B20C40216D5E43006085A7;
			remoteInfo = Oct9Redo;
		};
/* End PBXContainerItemProxy section */

/* Begin PBXFileReference section */
		87B20C41216D5E43006085A7 /* Oct9Redo.app */ = {isa = PBXFileReference; explicitFileType = wrapper.application; includeInIndex = 0; path = Oct9Redo.app; sourceTree = BUILT_PRODUCTS_DIR; };
		87B20C44216D5E43006085A7 /* AppDelegate.swift */ = {isa = PBXFileReference; lastKnownFileType = sourcecode.swift; path = AppDelegate.swift; sourceTree = "<group>"; };
		87B20C46216D5E43006085A7 /* ViewController.swift */ = {isa = PBXFileReference; lastKnownFileType = sourcecode.swift; path = ViewController.swift; sourceTree = "<group>"; };
		87B20C49216D5E43006085A7 /* Base */ = {isa = PBXFileReference; lastKnownFileType = file.storyboard; name = Base; path = Base.lproj/Main.storyboard; sourceTree = "<group>"; };
		87B20C4B216D5E44006085A7 /* Assets.xcassets */ = {isa = PBXFileReference; lastKnownFileType = folder.assetcatalog; path = Assets.xcassets; sourceTree = "<group>"; };
		87B20C4E216D5E44006085A7 /* Base */ = {isa = PBXFileReference; lastKnownFileType = file.storyboard; name = Base; path = Base.lproj/LaunchScreen.storyboard; sourceTree = "<group>"; };
		87B20C50216D5E44006085A7 /* Info.plist */ = {isa = PBXFileReference; lastKnownFileType = text.plist.xml; path = Info.plist; sourceTree = "<group>"; };
		87B20C55216D5E44006085A7 /* Oct9RedoTests.xctest */ = {isa = PBXFileReference; explicitFileType = wrapper.cfbundle; includeInIndex = 0; path = Oct9RedoTests.xctest; sourceTree = BUILT_PRODUCTS_DIR; };
		87B20C59216D5E44006085A7 /* Oct9RedoTests.swift */ = {isa = PBXFileReference; lastKnownFileType = sourcecode.swift; path = Oct9RedoTests.swift; sourceTree = "<group>"; };
		87B20C5B216D5E44006085A7 /* Info.plist */ = {isa = PBXFileReference; lastKnownFileType = text.plist.xml; path = Info.plist; sourceTree = "<group>"; };
		87B20C60216D5E44006085A7 /* Oct9RedoUITests.xctest */ = {isa = PBXFileReference; explicitFileType = wrapper.cfbundle; includeInIndex = 0; path = Oct9RedoUITests.xctest; sourceTree = BUILT_PRODUCTS_DIR; };
		87B20C64216D5E44006085A7 /* Oct9RedoUITests.swift */ = {isa = PBXFileReference; lastKnownFileType = sourcecode.swift; path = Oct9RedoUITests.swift; sourceTree = "<group>"; };
		87B20C66216D5E44006085A7 /* Info.plist */ = {isa = PBXFileReference; lastKnownFileType = text.plist.xml; path = Info.plist; sourceTree = "<group>"; };
		87B20C72216D6061006085A7 /* UIColor-Utility.swift */ = {isa = PBXFileReference; lastKnownFileType = sourcecode.swift; path = "UIColor-Utility.swift"; sourceTree = "<group>"; };
		87B20C74216D609C006085A7 /* UIView-Utility .swift */ = {isa = PBXFileReference; lastKnownFileType = sourcecode.swift; path = "UIView-Utility .swift"; sourceTree = "<group>"; };
		87B20C76216D60B2006085A7 /* DragView.swift */ = {isa = PBXFileReference; lastKnownFileType = sourcecode.swift; path = DragView.swift; sourceTree = "<group>"; };
/* End PBXFileReference section */

/* Begin PBXFrameworksBuildPhase section */
		87B20C3E216D5E43006085A7 /* Frameworks */ = {
			isa = PBXFrameworksBuildPhase;
			buildActionMask = 2147483647;
			files = (
			);
			runOnlyForDeploymentPostprocessing = 0;
		};
		87B20C52216D5E44006085A7 /* Frameworks */ = {
			isa = PBXFrameworksBuildPhase;
			buildActionMask = 2147483647;
			files = (
			);
			runOnlyForDeploymentPostprocessing = 0;
		};
		87B20C5D216D5E44006085A7 /* Frameworks */ = {
			isa = PBXFrameworksBuildPhase;
			buildActionMask = 2147483647;
			files = (
			);
			runOnlyForDeploymentPostprocessing = 0;
		};
/* End PBXFrameworksBuildPhase section */

/* Begin PBXGroup section */
		87B20C38216D5E43006085A7 = {
			isa = PBXGroup;
			children = (
				87B20C43216D5E43006085A7 /* Oct9Redo */,
				87B20C58216D5E44006085A7 /* Oct9RedoTests */,
				87B20C63216D5E44006085A7 /* Oct9RedoUITests */,
				87B20C42216D5E43006085A7 /* Products */,
			);
			sourceTree = "<group>";
		};
		87B20C42216D5E43006085A7 /* Products */ = {
			isa = PBXGroup;
			children = (
				87B20C41216D5E43006085A7 /* Oct9Redo.app */,
				87B20C55216D5E44006085A7 /* Oct9RedoTests.xctest */,
				87B20C60216D5E44006085A7 /* Oct9RedoUITests.xctest */,
			);
			name = Products;
			sourceTree = "<group>";
		};
		87B20C43216D5E43006085A7 /* Oct9Redo */ = {
			isa = PBXGroup;
			children = (
				87B20C44216D5E43006085A7 /* AppDelegate.swift */,
				87B20C46216D5E43006085A7 /* ViewController.swift */,
				87B20C72216D6061006085A7 /* UIColor-Utility.swift */,
				87B20C74216D609C006085A7 /* UIView-Utility .swift */,
				87B20C76216D60B2006085A7 /* DragView.swift */,
				87B20C48216D5E43006085A7 /* Main.storyboard */,
				87B20C4B216D5E44006085A7 /* Assets.xcassets */,
				87B20C4D216D5E44006085A7 /* LaunchScreen.storyboard */,
				87B20C50216D5E44006085A7 /* Info.plist */,
			);
			path = Oct9Redo;
			sourceTree = "<group>";
		};
		87B20C58216D5E44006085A7 /* Oct9RedoTests */ = {
			isa = PBXGroup;
			children = (
				87B20C59216D5E44006085A7 /* Oct9RedoTests.swift */,
				87B20C5B216D5E44006085A7 /* Info.plist */,
			);
			path = Oct9RedoTests;
			sourceTree = "<group>";
		};
		87B20C63216D5E44006085A7 /* Oct9RedoUITests */ = {
			isa = PBXGroup;
			children = (
				87B20C64216D5E44006085A7 /* Oct9RedoUITests.swift */,
				87B20C66216D5E44006085A7 /* Info.plist */,
			);
			path = Oct9RedoUITests;
			sourceTree = "<group>";
		};
/* End PBXGroup section */

/* Begin PBXNativeTarget section */
		87B20C40216D5E43006085A7 /* Oct9Redo */ = {
			isa = PBXNativeTarget;
			buildConfigurationList = 87B20C69216D5E44006085A7 /* Build configuration list for PBXNativeTarget "Oct9Redo" */;
			buildPhases = (
				87B20C3D216D5E43006085A7 /* Sources */,
				87B20C3E216D5E43006085A7 /* Frameworks */,
				87B20C3F216D5E43006085A7 /* Resources */,
			);
			buildRules = (
			);
			dependencies = (
			);
			name = Oct9Redo;
			productName = Oct9Redo;
			productReference = 87B20C41216D5E43006085A7 /* Oct9Redo.app */;
			productType = "com.apple.product-type.application";
		};
		87B20C54216D5E44006085A7 /* Oct9RedoTests */ = {
			isa = PBXNativeTarget;
			buildConfigurationList = 87B20C6C216D5E44006085A7 /* Build configuration list for PBXNativeTarget "Oct9RedoTests" */;
			buildPhases = (
				87B20C51216D5E44006085A7 /* Sources */,
				87B20C52216D5E44006085A7 /* Frameworks */,
				87B20C53216D5E44006085A7 /* Resources */,
			);
			buildRules = (
			);
			dependencies = (
				87B20C57216D5E44006085A7 /* PBXTargetDependency */,
			);
			name = Oct9RedoTests;
			productName = Oct9RedoTests;
			productReference = 87B20C55216D5E44006085A7 /* Oct9RedoTests.xctest */;
			productType = "com.apple.product-type.bundle.unit-test";
		};
		87B20C5F216D5E44006085A7 /* Oct9RedoUITests */ = {
			isa = PBXNativeTarget;
			buildConfigurationList = 87B20C6F216D5E44006085A7 /* Build configuration list for PBXNativeTarget "Oct9RedoUITests" */;
			buildPhases = (
				87B20C5C216D5E44006085A7 /* Sources */,
				87B20C5D216D5E44006085A7 /* Frameworks */,
				87B20C5E216D5E44006085A7 /* Resources */,
			);
			buildRules = (
			);
			dependencies = (
				87B20C62216D5E44006085A7 /* PBXTargetDependency */,
			);
			name = Oct9RedoUITests;
			productName = Oct9RedoUITests;
			productReference = 87B20C60216D5E44006085A7 /* Oct9RedoUITests.xctest */;
			productType = "com.apple.product-type.bundle.ui-testing";
		};
/* End PBXNativeTarget section */

/* Begin PBXProject section */
		87B20C39216D5E43006085A7 /* Project object */ = {
			isa = PBXProject;
			attributes = {
				LastSwiftUpdateCheck = 1000;
				LastUpgradeCheck = 1000;
				ORGANIZATIONNAME = "Ariel M. McLaughlin";
				TargetAttributes = {
					87B20C40216D5E43006085A7 = {
						CreatedOnToolsVersion = 10.0;
					};
					87B20C54216D5E44006085A7 = {
						CreatedOnToolsVersion = 10.0;
						TestTargetID = 87B20C40216D5E43006085A7;
					};
					87B20C5F216D5E44006085A7 = {
						CreatedOnToolsVersion = 10.0;
						TestTargetID = 87B20C40216D5E43006085A7;
					};
				};
			};
			buildConfigurationList = 87B20C3C216D5E43006085A7 /* Build configuration list for PBXProject "Oct9Redo" */;
			compatibilityVersion = "Xcode 9.3";
			developmentRegion = en;
			hasScannedForEncodings = 0;
			knownRegions = (
				en,
				Base,
			);
			mainGroup = 87B20C38216D5E43006085A7;
			productRefGroup = 87B20C42216D5E43006085A7 /* Products */;
			projectDirPath = "";
			projectRoot = "";
			targets = (
				87B20C40216D5E43006085A7 /* Oct9Redo */,
				87B20C54216D5E44006085A7 /* Oct9RedoTests */,
				87B20C5F216D5E44006085A7 /* Oct9RedoUITests */,
			);
		};
/* End PBXProject section */

/* Begin PBXResourcesBuildPhase section */
		87B20C3F216D5E43006085A7 /* Resources */ = {
			isa = PBXResourcesBuildPhase;
			buildActionMask = 2147483647;
			files = (
				87B20C4F216D5E44006085A7 /* LaunchScreen.storyboard in Resources */,
				87B20C4C216D5E44006085A7 /* Assets.xcassets in Resources */,
				87B20C4A216D5E43006085A7 /* Main.storyboard in Resources */,
			);
			runOnlyForDeploymentPostprocessing = 0;
		};
		87B20C53216D5E44006085A7 /* Resources */ = {
			isa = PBXResourcesBuildPhase;
			buildActionMask = 2147483647;
			files = (
			);
			runOnlyForDeploymentPostprocessing = 0;
		};
		87B20C5E216D5E44006085A7 /* Resources */ = {
			isa = PBXResourcesBuildPhase;
			buildActionMask = 2147483647;
			files = (
			);
			runOnlyForDeploymentPostprocessing = 0;
		};
/* End PBXResourcesBuildPhase section */

/* Begin PBXSourcesBuildPhase section */
		87B20C3D216D5E43006085A7 /* Sources */ = {
			isa = PBXSourcesBuildPhase;
			buildActionMask = 2147483647;
			files = (
				87B20C47216D5E43006085A7 /* ViewController.swift in Sources */,
				87B20C45216D5E43006085A7 /* AppDelegate.swift in Sources */,
				87B20C75216D609C006085A7 /* UIView-Utility .swift in Sources */,
				87B20C73216D6061006085A7 /* UIColor-Utility.swift in Sources */,
				87B20C77216D60B2006085A7 /* DragView.swift in Sources */,
			);
			runOnlyForDeploymentPostprocessing = 0;
		};
		87B20C51216D5E44006085A7 /* Sources */ = {
			isa = PBXSourcesBuildPhase;
			buildActionMask = 2147483647;
			files = (
				87B20C5A216D5E44006085A7 /* Oct9RedoTests.swift in Sources */,
			);
			runOnlyForDeploymentPostprocessing = 0;
		};
		87B20C5C216D5E44006085A7 /* Sources */ = {
			isa = PBXSourcesBuildPhase;
			buildActionMask = 2147483647;
			files = (
				87B20C65216D5E44006085A7 /* Oct9RedoUITests.swift in Sources */,
			);
			runOnlyForDeploymentPostprocessing = 0;
		};
/* End PBXSourcesBuildPhase section */

/* Begin PBXTargetDependency section */
		87B20C57216D5E44006085A7 /* PBXTargetDependency */ = {
			isa = PBXTargetDependency;
			target = 87B20C40216D5E43006085A7 /* Oct9Redo */;
			targetProxy = 87B20C56216D5E44006085A7 /* PBXContainerItemProxy */;
		};
		87B20C62216D5E44006085A7 /* PBXTargetDependency */ = {
			isa = PBXTargetDependency;
			target = 87B20C40216D5E43006085A7 /* Oct9Redo */;
			targetProxy = 87B20C61216D5E44006085A7 /* PBXContainerItemProxy */;
		};
/* End PBXTargetDependency section */

/* Begin PBXVariantGroup section */
		87B20C48216D5E43006085A7 /* Main.storyboard */ = {
			isa = PBXVariantGroup;
			children = (
				87B20C49216D5E43006085A7 /* Base */,
			);
			name = Main.storyboard;
			sourceTree = "<group>";
		};
		87B20C4D216D5E44006085A7 /* LaunchScreen.storyboard */ = {
			isa = PBXVariantGroup;
			children = (
				87B20C4E216D5E44006085A7 /* Base */,
			);
			name = LaunchScreen.storyboard;
			sourceTree = "<group>";
		};
/* End PBXVariantGroup section */

/* Begin XCBuildConfiguration section */
		87B20C67216D5E44006085A7 /* Debug */ = {
			isa = XCBuildConfiguration;
			buildSettings = {
				ALWAYS_SEARCH_USER_PATHS = NO;
				CLANG_ANALYZER_NONNULL = YES;
				CLANG_ANALYZER_NUMBER_OBJECT_CONVERSION = YES_AGGRESSIVE;
				CLANG_CXX_LANGUAGE_STANDARD = "gnu++14";
				CLANG_CXX_LIBRARY = "libc++";
				CLANG_ENABLE_MODULES = YES;
				CLANG_ENABLE_OBJC_ARC = YES;
				CLANG_ENABLE_OBJC_WEAK = YES;
				CLANG_WARN_BLOCK_CAPTURE_AUTORELEASING = YES;
				CLANG_WARN_BOOL_CONVERSION = YES;
				CLANG_WARN_COMMA = YES;
				CLANG_WARN_CONSTANT_CONVERSION = YES;
				CLANG_WARN_DEPRECATED_OBJC_IMPLEMENTATIONS = YES;
				CLANG_WARN_DIRECT_OBJC_ISA_USAGE = YES_ERROR;
				CLANG_WARN_DOCUMENTATION_COMMENTS = YES;
				CLANG_WARN_EMPTY_BODY = YES;
				CLANG_WARN_ENUM_CONVERSION = YES;
				CLANG_WARN_INFINITE_RECURSION = YES;
				CLANG_WARN_INT_CONVERSION = YES;
				CLANG_WARN_NON_LITERAL_NULL_CONVERSION = YES;
				CLANG_WARN_OBJC_IMPLICIT_RETAIN_SELF = YES;
				CLANG_WARN_OBJC_LITERAL_CONVERSION = YES;
				CLANG_WARN_OBJC_ROOT_CLASS = YES_ERROR;
				CLANG_WARN_RANGE_LOOP_ANALYSIS = YES;
				CLANG_WARN_STRICT_PROTOTYPES = YES;
				CLANG_WARN_SUSPICIOUS_MOVE = YES;
				CLANG_WARN_UNGUARDED_AVAILABILITY = YES_AGGRESSIVE;
				CLANG_WARN_UNREACHABLE_CODE = YES;
				CLANG_WARN__DUPLICATE_METHOD_MATCH = YES;
				CODE_SIGN_IDENTITY = "iPhone Developer";
				COPY_PHASE_STRIP = NO;
				DEBUG_INFORMATION_FORMAT = dwarf;
				ENABLE_STRICT_OBJC_MSGSEND = YES;
				ENABLE_TESTABILITY = YES;
				GCC_C_LANGUAGE_STANDARD = gnu11;
				GCC_DYNAMIC_NO_PIC = NO;
				GCC_NO_COMMON_BLOCKS = YES;
				GCC_OPTIMIZATION_LEVEL = 0;
				GCC_PREPROCESSOR_DEFINITIONS = (
					"DEBUG=1",
					"$(inherited)",
				);
				GCC_WARN_64_TO_32_BIT_CONVERSION = YES;
				GCC_WARN_ABOUT_RETURN_TYPE = YES_ERROR;
				GCC_WARN_UNDECLARED_SELECTOR = YES;
				GCC_WARN_UNINITIALIZED_AUTOS = YES_AGGRESSIVE;
				GCC_WARN_UNUSED_FUNCTION = YES;
				GCC_WARN_UNUSED_VARIABLE = YES;
				IPHONEOS_DEPLOYMENT_TARGET = 12.0;
				MTL_ENABLE_DEBUG_INFO = INCLUDE_SOURCE;
				MTL_FAST_MATH = YES;
				ONLY_ACTIVE_ARCH = YES;
				SDKROOT = iphoneos;
				SWIFT_ACTIVE_COMPILATION_CONDITIONS = DEBUG;
				SWIFT_OPTIMIZATION_LEVEL = "-Onone";
			};
			name = Debug;
		};
		87B20C68216D5E44006085A7 /* Release */ = {
			isa = XCBuildConfiguration;
			buildSettings = {
				ALWAYS_SEARCH_USER_PATHS = NO;
				CLANG_ANALYZER_NONNULL = YES;
				CLANG_ANALYZER_NUMBER_OBJECT_CONVERSION = YES_AGGRESSIVE;
				CLANG_CXX_LANGUAGE_STANDARD = "gnu++14";
				CLANG_CXX_LIBRARY = "libc++";
				CLANG_ENABLE_MODULES = YES;
				CLANG_ENABLE_OBJC_ARC = YES;
				CLANG_ENABLE_OBJC_WEAK = YES;
				CLANG_WARN_BLOCK_CAPTURE_AUTORELEASING = YES;
				CLANG_WARN_BOOL_CONVERSION = YES;
				CLANG_WARN_COMMA = YES;
				CLANG_WARN_CONSTANT_CONVERSION = YES;
				CLANG_WARN_DEPRECATED_OBJC_IMPLEMENTATIONS = YES;
				CLANG_WARN_DIRECT_OBJC_ISA_USAGE = YES_ERROR;
				CLANG_WARN_DOCUMENTATION_COMMENTS = YES;
				CLANG_WARN_EMPTY_BODY = YES;
				CLANG_WARN_ENUM_CONVERSION = YES;
				CLANG_WARN_INFINITE_RECURSION = YES;
				CLANG_WARN_INT_CONVERSION = YES;
				CLANG_WARN_NON_LITERAL_NULL_CONVERSION = YES;
				CLANG_WARN_OBJC_IMPLICIT_RETAIN_SELF = YES;
				CLANG_WARN_OBJC_LITERAL_CONVERSION = YES;
				CLANG_WARN_OBJC_ROOT_CLASS = YES_ERROR;
				CLANG_WARN_RANGE_LOOP_ANALYSIS = YES;
				CLANG_WARN_STRICT_PROTOTYPES = YES;
				CLANG_WARN_SUSPICIOUS_MOVE = YES;
				CLANG_WARN_UNGUARDED_AVAILABILITY = YES_AGGRESSIVE;
				CLANG_WARN_UNREACHABLE_CODE = YES;
				CLANG_WARN__DUPLICATE_METHOD_MATCH = YES;
				CODE_SIGN_IDENTITY = "iPhone Developer";
				COPY_PHASE_STRIP = NO;
				DEBUG_INFORMATION_FORMAT = "dwarf-with-dsym";
				ENABLE_NS_ASSERTIONS = NO;
				ENABLE_STRICT_OBJC_MSGSEND = YES;
				GCC_C_LANGUAGE_STANDARD = gnu11;
				GCC_NO_COMMON_BLOCKS = YES;
				GCC_WARN_64_TO_32_BIT_CONVERSION = YES;
				GCC_WARN_ABOUT_RETURN_TYPE = YES_ERROR;
				GCC_WARN_UNDECLARED_SELECTOR = YES;
				GCC_WARN_UNINITIALIZED_AUTOS = YES_AGGRESSIVE;
				GCC_WARN_UNUSED_FUNCTION = YES;
				GCC_WARN_UNUSED_VARIABLE = YES;
				IPHONEOS_DEPLOYMENT_TARGET = 12.0;
				MTL_ENABLE_DEBUG_INFO = NO;
				MTL_FAST_MATH = YES;
				SDKROOT = iphoneos;
				SWIFT_COMPILATION_MODE = wholemodule;
				SWIFT_OPTIMIZATION_LEVEL = "-O";
				VALIDATE_PRODUCT = YES;
			};
			name = Release;
		};
		87B20C6A216D5E44006085A7 /* Debug */ = {
			isa = XCBuildConfiguration;
			buildSettings = {
				ASSETCATALOG_COMPILER_APPICON_NAME = AppIcon;
				CODE_SIGN_STYLE = Automatic;
				DEVELOPMENT_TEAM = LP562MV2A4;
				INFOPLIST_FILE = Oct9Redo/Info.plist;
				LD_RUNPATH_SEARCH_PATHS = (
					"$(inherited)",
					"@executable_path/Frameworks",
				);
				PRODUCT_BUNDLE_IDENTIFIER = SprintModule.Oct9Redo;
				PRODUCT_NAME = "$(TARGET_NAME)";
				SWIFT_VERSION = 4.2;
				TARGETED_DEVICE_FAMILY = "1,2";
			};
			name = Debug;
		};
		87B20C6B216D5E44006085A7 /* Release */ = {
			isa = XCBuildConfiguration;
			buildSettings = {
				ASSETCATALOG_COMPILER_APPICON_NAME = AppIcon;
				CODE_SIGN_STYLE = Automatic;
				DEVELOPMENT_TEAM = LP562MV2A4;
				INFOPLIST_FILE = Oct9Redo/Info.plist;
				LD_RUNPATH_SEARCH_PATHS = (
					"$(inherited)",
					"@executable_path/Frameworks",
				);
				PRODUCT_BUNDLE_IDENTIFIER = SprintModule.Oct9Redo;
				PRODUCT_NAME = "$(TARGET_NAME)";
				SWIFT_VERSION = 4.2;
				TARGETED_DEVICE_FAMILY = "1,2";
			};
			name = Release;
		};
		87B20C6D216D5E44006085A7 /* Debug */ = {
			isa = XCBuildConfiguration;
			buildSettings = {
				ALWAYS_EMBED_SWIFT_STANDARD_LIBRARIES = YES;
				BUNDLE_LOADER = "$(TEST_HOST)";
				CODE_SIGN_STYLE = Automatic;
				DEVELOPMENT_TEAM = LP562MV2A4;
				INFOPLIST_FILE = Oct9RedoTests/Info.plist;
				LD_RUNPATH_SEARCH_PATHS = (
					"$(inherited)",
					"@executable_path/Frameworks",
					"@loader_path/Frameworks",
				);
				PRODUCT_BUNDLE_IDENTIFIER = SprintModule.Oct9RedoTests;
				PRODUCT_NAME = "$(TARGET_NAME)";
				SWIFT_VERSION = 4.2;
				TARGETED_DEVICE_FAMILY = "1,2";
				TEST_HOST = "$(BUILT_PRODUCTS_DIR)/Oct9Redo.app/Oct9Redo";
			};
			name = Debug;
		};
		87B20C6E216D5E44006085A7 /* Release */ = {
			isa = XCBuildConfiguration;
			buildSettings = {
				ALWAYS_EMBED_SWIFT_STANDARD_LIBRARIES = YES;
				BUNDLE_LOADER = "$(TEST_HOST)";
				CODE_SIGN_STYLE = Automatic;
				DEVELOPMENT_TEAM = LP562MV2A4;
				INFOPLIST_FILE = Oct9RedoTests/Info.plist;
				LD_RUNPATH_SEARCH_PATHS = (
					"$(inherited)",
					"@executable_path/Frameworks",
					"@loader_path/Frameworks",
				);
				PRODUCT_BUNDLE_IDENTIFIER = SprintModule.Oct9RedoTests;
				PRODUCT_NAME = "$(TARGET_NAME)";
				SWIFT_VERSION = 4.2;
				TARGETED_DEVICE_FAMILY = "1,2";
				TEST_HOST = "$(BUILT_PRODUCTS_DIR)/Oct9Redo.app/Oct9Redo";
			};
			name = Release;
		};
		87B20C70216D5E44006085A7 /* Debug */ = {
			isa = XCBuildConfiguration;
			buildSettings = {
				ALWAYS_EMBED_SWIFT_STANDARD_LIBRARIES = YES;
				CODE_SIGN_STYLE = Automatic;
				DEVELOPMENT_TEAM = LP562MV2A4;
				INFOPLIST_FILE = Oct9RedoUITests/Info.plist;
				LD_RUNPATH_SEARCH_PATHS = (
					"$(inherited)",
					"@executable_path/Frameworks",
					"@loader_path/Frameworks",
				);
				PRODUCT_BUNDLE_IDENTIFIER = SprintModule.Oct9RedoUITests;
				PRODUCT_NAME = "$(TARGET_NAME)";
				SWIFT_VERSION = 4.2;
				TARGETED_DEVICE_FAMILY = "1,2";
				TEST_TARGET_NAME = Oct9Redo;
			};
			name = Debug;
		};
		87B20C71216D5E44006085A7 /* Release */ = {
			isa = XCBuildConfiguration;
			buildSettings = {
				ALWAYS_EMBED_SWIFT_STANDARD_LIBRARIES = YES;
				CODE_SIGN_STYLE = Automatic;
				DEVELOPMENT_TEAM = LP562MV2A4;
				INFOPLIST_FILE = Oct9RedoUITests/Info.plist;
				LD_RUNPATH_SEARCH_PATHS = (
					"$(inherited)",
					"@executable_path/Frameworks",
					"@loader_path/Frameworks",
				);
				PRODUCT_BUNDLE_IDENTIFIER = SprintModule.Oct9RedoUITests;
				PRODUCT_NAME = "$(TARGET_NAME)";
				SWIFT_VERSION = 4.2;
				TARGETED_DEVICE_FAMILY = "1,2";
				TEST_TARGET_NAME = Oct9Redo;
			};
			name = Release;
		};
/* End XCBuildConfiguration section */

/* Begin XCConfigurationList section */
		87B20C3C216D5E43006085A7 /* Build configuration list for PBXProject "Oct9Redo" */ = {
			isa = XCConfigurationList;
			buildConfigurations = (
				87B20C67216D5E44006085A7 /* Debug */,
				87B20C68216D5E44006085A7 /* Release */,
			);
			defaultConfigurationIsVisible = 0;
			defaultConfigurationName = Release;
		};
		87B20C69216D5E44006085A7 /* Build configuration list for PBXNativeTarget "Oct9Redo" */ = {
			isa = XCConfigurationList;
			buildConfigurations = (
				87B20C6A216D5E44006085A7 /* Debug */,
				87B20C6B216D5E44006085A7 /* Release */,
			);
			defaultConfigurationIsVisible = 0;
			defaultConfigurationName = Release;
		};
		87B20C6C216D5E44006085A7 /* Build configuration list for PBXNativeTarget "Oct9RedoTests" */ = {
			isa = XCConfigurationList;
			buildConfigurations = (
				87B20C6D216D5E44006085A7 /* Debug */,
				87B20C6E216D5E44006085A7 /* Release */,
			);
			defaultConfigurationIsVisible = 0;
			defaultConfigurationName = Release;
		};
		87B20C6F216D5E44006085A7 /* Build configuration list for PBXNativeTarget "Oct9RedoUITests" */ = {
			isa = XCConfigurationList;
			buildConfigurations = (
				87B20C70216D5E44006085A7 /* Debug */,
				87B20C71216D5E44006085A7 /* Release */,
			);
			defaultConfigurationIsVisible = 0;
			defaultConfigurationName = Release;
		};
/* End XCConfigurationList section */
	};
	rootObject = 87B20C39216D5E43006085A7 /* Project object */;
}
