// !$*UTF8*$!
{
	archiveVersion = 1;
	classes = {
	};
	objectVersion = 50;
	objects = {

/* Begin PBXBuildFile section */
		87D2A2F32163DFA3009D76E2 /* AppDelegate.swift in Sources */ = {isa = PBXBuildFile; fileRef = 87D2A2F22163DFA3009D76E2 /* AppDelegate.swift */; };
		87D2A2F52163DFA3009D76E2 /* ViewController.swift in Sources */ = {isa = PBXBuildFile; fileRef = 87D2A2F42163DFA3009D76E2 /* ViewController.swift */; };
		87D2A2F82163DFA3009D76E2 /* Main.storyboard in Resources */ = {isa = PBXBuildFile; fileRef = 87D2A2F62163DFA3009D76E2 /* Main.storyboard */; };
		87D2A2FA2163DFA4009D76E2 /* Assets.xcassets in Resources */ = {isa = PBXBuildFile; fileRef = 87D2A2F92163DFA4009D76E2 /* Assets.xcassets */; };
		87D2A2FD2163DFA4009D76E2 /* LaunchScreen.storyboard in Resources */ = {isa = PBXBuildFile; fileRef = 87D2A2FB2163DFA4009D76E2 /* LaunchScreen.storyboard */; };
		87D2A3082163DFA4009D76E2 /* Sprint_Module2_UIVTCTests.swift in Sources */ = {isa = PBXBuildFile; fileRef = 87D2A3072163DFA4009D76E2 /* Sprint_Module2_UIVTCTests.swift */; };
		87D2A3132163DFA4009D76E2 /* Sprint_Module2_UIVTCUITests.swift in Sources */ = {isa = PBXBuildFile; fileRef = 87D2A3122163DFA4009D76E2 /* Sprint_Module2_UIVTCUITests.swift */; };
		87D2A3212163E1C1009D76E2 /* Model.swift in Sources */ = {isa = PBXBuildFile; fileRef = 87D2A3202163E1C1009D76E2 /* Model.swift */; };
		87D2A3232163E1CC009D76E2 /* Entry.swift in Sources */ = {isa = PBXBuildFile; fileRef = 87D2A3222163E1CC009D76E2 /* Entry.swift */; };
		87D2A3252163E1E1009D76E2 /* DetailViewController.swift in Sources */ = {isa = PBXBuildFile; fileRef = 87D2A3242163E1E1009D76E2 /* DetailViewController.swift */; };
/* End PBXBuildFile section */

/* Begin PBXContainerItemProxy section */
		87D2A3042163DFA4009D76E2 /* PBXContainerItemProxy */ = {
			isa = PBXContainerItemProxy;
			containerPortal = 87D2A2E72163DFA3009D76E2 /* Project object */;
			proxyType = 1;
			remoteGlobalIDString = 87D2A2EE2163DFA3009D76E2;
			remoteInfo = "Sprint-Module2-UIVTC";
		};
		87D2A30F2163DFA4009D76E2 /* PBXContainerItemProxy */ = {
			isa = PBXContainerItemProxy;
			containerPortal = 87D2A2E72163DFA3009D76E2 /* Project object */;
			proxyType = 1;
			remoteGlobalIDString = 87D2A2EE2163DFA3009D76E2;
			remoteInfo = "Sprint-Module2-UIVTC";
		};
/* End PBXContainerItemProxy section */

/* Begin PBXFileReference section */
		87D2A2EF2163DFA3009D76E2 /* Sprint-Module2-UIVTC.app */ = {isa = PBXFileReference; explicitFileType = wrapper.application; includeInIndex = 0; path = "Sprint-Module2-UIVTC.app"; sourceTree = BUILT_PRODUCTS_DIR; };
		87D2A2F22163DFA3009D76E2 /* AppDelegate.swift */ = {isa = PBXFileReference; lastKnownFileType = sourcecode.swift; path = AppDelegate.swift; sourceTree = "<group>"; };
		87D2A2F42163DFA3009D76E2 /* ViewController.swift */ = {isa = PBXFileReference; lastKnownFileType = sourcecode.swift; path = ViewController.swift; sourceTree = "<group>"; };
		87D2A2F72163DFA3009D76E2 /* Base */ = {isa = PBXFileReference; lastKnownFileType = file.storyboard; name = Base; path = Base.lproj/Main.storyboard; sourceTree = "<group>"; };
		87D2A2F92163DFA4009D76E2 /* Assets.xcassets */ = {isa = PBXFileReference; lastKnownFileType = folder.assetcatalog; path = Assets.xcassets; sourceTree = "<group>"; };
		87D2A2FC2163DFA4009D76E2 /* Base */ = {isa = PBXFileReference; lastKnownFileType = file.storyboard; name = Base; path = Base.lproj/LaunchScreen.storyboard; sourceTree = "<group>"; };
		87D2A2FE2163DFA4009D76E2 /* Info.plist */ = {isa = PBXFileReference; lastKnownFileType = text.plist.xml; path = Info.plist; sourceTree = "<group>"; };
		87D2A3032163DFA4009D76E2 /* Sprint-Module2-UIVTCTests.xctest */ = {isa = PBXFileReference; explicitFileType = wrapper.cfbundle; includeInIndex = 0; path = "Sprint-Module2-UIVTCTests.xctest"; sourceTree = BUILT_PRODUCTS_DIR; };
		87D2A3072163DFA4009D76E2 /* Sprint_Module2_UIVTCTests.swift */ = {isa = PBXFileReference; lastKnownFileType = sourcecode.swift; path = Sprint_Module2_UIVTCTests.swift; sourceTree = "<group>"; };
		87D2A3092163DFA4009D76E2 /* Info.plist */ = {isa = PBXFileReference; lastKnownFileType = text.plist.xml; path = Info.plist; sourceTree = "<group>"; };
		87D2A30E2163DFA4009D76E2 /* Sprint-Module2-UIVTCUITests.xctest */ = {isa = PBXFileReference; explicitFileType = wrapper.cfbundle; includeInIndex = 0; path = "Sprint-Module2-UIVTCUITests.xctest"; sourceTree = BUILT_PRODUCTS_DIR; };
		87D2A3122163DFA4009D76E2 /* Sprint_Module2_UIVTCUITests.swift */ = {isa = PBXFileReference; lastKnownFileType = sourcecode.swift; path = Sprint_Module2_UIVTCUITests.swift; sourceTree = "<group>"; };
		87D2A3142163DFA4009D76E2 /* Info.plist */ = {isa = PBXFileReference; lastKnownFileType = text.plist.xml; path = Info.plist; sourceTree = "<group>"; };
		87D2A3202163E1C1009D76E2 /* Model.swift */ = {isa = PBXFileReference; lastKnownFileType = sourcecode.swift; path = Model.swift; sourceTree = "<group>"; };
		87D2A3222163E1CC009D76E2 /* Entry.swift */ = {isa = PBXFileReference; lastKnownFileType = sourcecode.swift; path = Entry.swift; sourceTree = "<group>"; };
		87D2A3242163E1E1009D76E2 /* DetailViewController.swift */ = {isa = PBXFileReference; lastKnownFileType = sourcecode.swift; path = DetailViewController.swift; sourceTree = "<group>"; };
/* End PBXFileReference section */

/* Begin PBXFrameworksBuildPhase section */
		87D2A2EC2163DFA3009D76E2 /* Frameworks */ = {
			isa = PBXFrameworksBuildPhase;
			buildActionMask = 2147483647;
			files = (
			);
			runOnlyForDeploymentPostprocessing = 0;
		};
		87D2A3002163DFA4009D76E2 /* Frameworks */ = {
			isa = PBXFrameworksBuildPhase;
			buildActionMask = 2147483647;
			files = (
			);
			runOnlyForDeploymentPostprocessing = 0;
		};
		87D2A30B2163DFA4009D76E2 /* Frameworks */ = {
			isa = PBXFrameworksBuildPhase;
			buildActionMask = 2147483647;
			files = (
			);
			runOnlyForDeploymentPostprocessing = 0;
		};
/* End PBXFrameworksBuildPhase section */

/* Begin PBXGroup section */
		87D2A2E62163DFA3009D76E2 = {
			isa = PBXGroup;
			children = (
				87D2A2F12163DFA3009D76E2 /* Sprint-Module2-UIVTC */,
				87D2A3062163DFA4009D76E2 /* Sprint-Module2-UIVTCTests */,
				87D2A3112163DFA4009D76E2 /* Sprint-Module2-UIVTCUITests */,
				87D2A2F02163DFA3009D76E2 /* Products */,
			);
			sourceTree = "<group>";
		};
		87D2A2F02163DFA3009D76E2 /* Products */ = {
			isa = PBXGroup;
			children = (
				87D2A2EF2163DFA3009D76E2 /* Sprint-Module2-UIVTC.app */,
				87D2A3032163DFA4009D76E2 /* Sprint-Module2-UIVTCTests.xctest */,
				87D2A30E2163DFA4009D76E2 /* Sprint-Module2-UIVTCUITests.xctest */,
			);
			name = Products;
			sourceTree = "<group>";
		};
		87D2A2F12163DFA3009D76E2 /* Sprint-Module2-UIVTC */ = {
			isa = PBXGroup;
			children = (
				87D2A2F22163DFA3009D76E2 /* AppDelegate.swift */,
				87D2A2F42163DFA3009D76E2 /* ViewController.swift */,
				87D2A2F62163DFA3009D76E2 /* Main.storyboard */,
				87D2A3202163E1C1009D76E2 /* Model.swift */,
				87D2A3222163E1CC009D76E2 /* Entry.swift */,
				87D2A3242163E1E1009D76E2 /* DetailViewController.swift */,
				87D2A2F92163DFA4009D76E2 /* Assets.xcassets */,
				87D2A2FB2163DFA4009D76E2 /* LaunchScreen.storyboard */,
				87D2A2FE2163DFA4009D76E2 /* Info.plist */,
			);
			path = "Sprint-Module2-UIVTC";
			sourceTree = "<group>";
		};
		87D2A3062163DFA4009D76E2 /* Sprint-Module2-UIVTCTests */ = {
			isa = PBXGroup;
			children = (
				87D2A3072163DFA4009D76E2 /* Sprint_Module2_UIVTCTests.swift */,
				87D2A3092163DFA4009D76E2 /* Info.plist */,
			);
			path = "Sprint-Module2-UIVTCTests";
			sourceTree = "<group>";
		};
		87D2A3112163DFA4009D76E2 /* Sprint-Module2-UIVTCUITests */ = {
			isa = PBXGroup;
			children = (
				87D2A3122163DFA4009D76E2 /* Sprint_Module2_UIVTCUITests.swift */,
				87D2A3142163DFA4009D76E2 /* Info.plist */,
			);
			path = "Sprint-Module2-UIVTCUITests";
			sourceTree = "<group>";
		};
/* End PBXGroup section */

/* Begin PBXNativeTarget section */
		87D2A2EE2163DFA3009D76E2 /* Sprint-Module2-UIVTC */ = {
			isa = PBXNativeTarget;
			buildConfigurationList = 87D2A3172163DFA4009D76E2 /* Build configuration list for PBXNativeTarget "Sprint-Module2-UIVTC" */;
			buildPhases = (
				87D2A2EB2163DFA3009D76E2 /* Sources */,
				87D2A2EC2163DFA3009D76E2 /* Frameworks */,
				87D2A2ED2163DFA3009D76E2 /* Resources */,
			);
			buildRules = (
			);
			dependencies = (
			);
			name = "Sprint-Module2-UIVTC";
			productName = "Sprint-Module2-UIVTC";
			productReference = 87D2A2EF2163DFA3009D76E2 /* Sprint-Module2-UIVTC.app */;
			productType = "com.apple.product-type.application";
		};
		87D2A3022163DFA4009D76E2 /* Sprint-Module2-UIVTCTests */ = {
			isa = PBXNativeTarget;
			buildConfigurationList = 87D2A31A2163DFA4009D76E2 /* Build configuration list for PBXNativeTarget "Sprint-Module2-UIVTCTests" */;
			buildPhases = (
				87D2A2FF2163DFA4009D76E2 /* Sources */,
				87D2A3002163DFA4009D76E2 /* Frameworks */,
				87D2A3012163DFA4009D76E2 /* Resources */,
			);
			buildRules = (
			);
			dependencies = (
				87D2A3052163DFA4009D76E2 /* PBXTargetDependency */,
			);
			name = "Sprint-Module2-UIVTCTests";
			productName = "Sprint-Module2-UIVTCTests";
			productReference = 87D2A3032163DFA4009D76E2 /* Sprint-Module2-UIVTCTests.xctest */;
			productType = "com.apple.product-type.bundle.unit-test";
		};
		87D2A30D2163DFA4009D76E2 /* Sprint-Module2-UIVTCUITests */ = {
			isa = PBXNativeTarget;
			buildConfigurationList = 87D2A31D2163DFA4009D76E2 /* Build configuration list for PBXNativeTarget "Sprint-Module2-UIVTCUITests" */;
			buildPhases = (
				87D2A30A2163DFA4009D76E2 /* Sources */,
				87D2A30B2163DFA4009D76E2 /* Frameworks */,
				87D2A30C2163DFA4009D76E2 /* Resources */,
			);
			buildRules = (
			);
			dependencies = (
				87D2A3102163DFA4009D76E2 /* PBXTargetDependency */,
			);
			name = "Sprint-Module2-UIVTCUITests";
			productName = "Sprint-Module2-UIVTCUITests";
			productReference = 87D2A30E2163DFA4009D76E2 /* Sprint-Module2-UIVTCUITests.xctest */;
			productType = "com.apple.product-type.bundle.ui-testing";
		};
/* End PBXNativeTarget section */

/* Begin PBXProject section */
		87D2A2E72163DFA3009D76E2 /* Project object */ = {
			isa = PBXProject;
			attributes = {
				LastSwiftUpdateCheck = 1000;
				LastUpgradeCheck = 1000;
				ORGANIZATIONNAME = "Ariel M. McLaughlin";
				TargetAttributes = {
					87D2A2EE2163DFA3009D76E2 = {
						CreatedOnToolsVersion = 10.0;
					};
					87D2A3022163DFA4009D76E2 = {
						CreatedOnToolsVersion = 10.0;
						TestTargetID = 87D2A2EE2163DFA3009D76E2;
					};
					87D2A30D2163DFA4009D76E2 = {
						CreatedOnToolsVersion = 10.0;
						TestTargetID = 87D2A2EE2163DFA3009D76E2;
					};
				};
			};
			buildConfigurationList = 87D2A2EA2163DFA3009D76E2 /* Build configuration list for PBXProject "Sprint-Module2-UIVTC" */;
			compatibilityVersion = "Xcode 9.3";
			developmentRegion = en;
			hasScannedForEncodings = 0;
			knownRegions = (
				en,
				Base,
			);
			mainGroup = 87D2A2E62163DFA3009D76E2;
			productRefGroup = 87D2A2F02163DFA3009D76E2 /* Products */;
			projectDirPath = "";
			projectRoot = "";
			targets = (
				87D2A2EE2163DFA3009D76E2 /* Sprint-Module2-UIVTC */,
				87D2A3022163DFA4009D76E2 /* Sprint-Module2-UIVTCTests */,
				87D2A30D2163DFA4009D76E2 /* Sprint-Module2-UIVTCUITests */,
			);
		};
/* End PBXProject section */

/* Begin PBXResourcesBuildPhase section */
		87D2A2ED2163DFA3009D76E2 /* Resources */ = {
			isa = PBXResourcesBuildPhase;
			buildActionMask = 2147483647;
			files = (
				87D2A2FD2163DFA4009D76E2 /* LaunchScreen.storyboard in Resources */,
				87D2A2FA2163DFA4009D76E2 /* Assets.xcassets in Resources */,
				87D2A2F82163DFA3009D76E2 /* Main.storyboard in Resources */,
			);
			runOnlyForDeploymentPostprocessing = 0;
		};
		87D2A3012163DFA4009D76E2 /* Resources */ = {
			isa = PBXResourcesBuildPhase;
			buildActionMask = 2147483647;
			files = (
			);
			runOnlyForDeploymentPostprocessing = 0;
		};
		87D2A30C2163DFA4009D76E2 /* Resources */ = {
			isa = PBXResourcesBuildPhase;
			buildActionMask = 2147483647;
			files = (
			);
			runOnlyForDeploymentPostprocessing = 0;
		};
/* End PBXResourcesBuildPhase section */

/* Begin PBXSourcesBuildPhase section */
		87D2A2EB2163DFA3009D76E2 /* Sources */ = {
			isa = PBXSourcesBuildPhase;
			buildActionMask = 2147483647;
			files = (
				87D2A3232163E1CC009D76E2 /* Entry.swift in Sources */,
				87D2A3212163E1C1009D76E2 /* Model.swift in Sources */,
				87D2A3252163E1E1009D76E2 /* DetailViewController.swift in Sources */,
				87D2A2F52163DFA3009D76E2 /* ViewController.swift in Sources */,
				87D2A2F32163DFA3009D76E2 /* AppDelegate.swift in Sources */,
			);
			runOnlyForDeploymentPostprocessing = 0;
		};
		87D2A2FF2163DFA4009D76E2 /* Sources */ = {
			isa = PBXSourcesBuildPhase;
			buildActionMask = 2147483647;
			files = (
				87D2A3082163DFA4009D76E2 /* Sprint_Module2_UIVTCTests.swift in Sources */,
			);
			runOnlyForDeploymentPostprocessing = 0;
		};
		87D2A30A2163DFA4009D76E2 /* Sources */ = {
			isa = PBXSourcesBuildPhase;
			buildActionMask = 2147483647;
			files = (
				87D2A3132163DFA4009D76E2 /* Sprint_Module2_UIVTCUITests.swift in Sources */,
			);
			runOnlyForDeploymentPostprocessing = 0;
		};
/* End PBXSourcesBuildPhase section */

/* Begin PBXTargetDependency section */
		87D2A3052163DFA4009D76E2 /* PBXTargetDependency */ = {
			isa = PBXTargetDependency;
			target = 87D2A2EE2163DFA3009D76E2 /* Sprint-Module2-UIVTC */;
			targetProxy = 87D2A3042163DFA4009D76E2 /* PBXContainerItemProxy */;
		};
		87D2A3102163DFA4009D76E2 /* PBXTargetDependency */ = {
			isa = PBXTargetDependency;
			target = 87D2A2EE2163DFA3009D76E2 /* Sprint-Module2-UIVTC */;
			targetProxy = 87D2A30F2163DFA4009D76E2 /* PBXContainerItemProxy */;
		};
/* End PBXTargetDependency section */

/* Begin PBXVariantGroup section */
		87D2A2F62163DFA3009D76E2 /* Main.storyboard */ = {
			isa = PBXVariantGroup;
			children = (
				87D2A2F72163DFA3009D76E2 /* Base */,
			);
			name = Main.storyboard;
			sourceTree = "<group>";
		};
		87D2A2FB2163DFA4009D76E2 /* LaunchScreen.storyboard */ = {
			isa = PBXVariantGroup;
			children = (
				87D2A2FC2163DFA4009D76E2 /* Base */,
			);
			name = LaunchScreen.storyboard;
			sourceTree = "<group>";
		};
/* End PBXVariantGroup section */

/* Begin XCBuildConfiguration section */
		87D2A3152163DFA4009D76E2 /* Debug */ = {
			isa = XCBuildConfiguration;
			buildSettings = {
				ALWAYS_SEARCH_USER_PATHS = NO;
				CLANG_ANALYZER_NONNULL = YES;
				CLANG_ANALYZER_NUMBER_OBJECT_CONVERSION = YES_AGGRESSIVE;
				CLANG_CXX_LANGUAGE_STANDARD = "gnu++14";
				CLANG_CXX_LIBRARY = "libc++";
				CLANG_ENABLE_MODULES = YES;
				CLANG_ENABLE_OBJC_ARC = YES;
				CLANG_ENABLE_OBJC_WEAK = YES;
				CLANG_WARN_BLOCK_CAPTURE_AUTORELEASING = YES;
				CLANG_WARN_BOOL_CONVERSION = YES;
				CLANG_WARN_COMMA = YES;
				CLANG_WARN_CONSTANT_CONVERSION = YES;
				CLANG_WARN_DEPRECATED_OBJC_IMPLEMENTATIONS = YES;
				CLANG_WARN_DIRECT_OBJC_ISA_USAGE = YES_ERROR;
				CLANG_WARN_DOCUMENTATION_COMMENTS = YES;
				CLANG_WARN_EMPTY_BODY = YES;
				CLANG_WARN_ENUM_CONVERSION = YES;
				CLANG_WARN_INFINITE_RECURSION = YES;
				CLANG_WARN_INT_CONVERSION = YES;
				CLANG_WARN_NON_LITERAL_NULL_CONVERSION = YES;
				CLANG_WARN_OBJC_IMPLICIT_RETAIN_SELF = YES;
				CLANG_WARN_OBJC_LITERAL_CONVERSION = YES;
				CLANG_WARN_OBJC_ROOT_CLASS = YES_ERROR;
				CLANG_WARN_RANGE_LOOP_ANALYSIS = YES;
				CLANG_WARN_STRICT_PROTOTYPES = YES;
				CLANG_WARN_SUSPICIOUS_MOVE = YES;
				CLANG_WARN_UNGUARDED_AVAILABILITY = YES_AGGRESSIVE;
				CLANG_WARN_UNREACHABLE_CODE = YES;
				CLANG_WARN__DUPLICATE_METHOD_MATCH = YES;
				CODE_SIGN_IDENTITY = "iPhone Developer";
				COPY_PHASE_STRIP = NO;
				DEBUG_INFORMATION_FORMAT = dwarf;
				ENABLE_STRICT_OBJC_MSGSEND = YES;
				ENABLE_TESTABILITY = YES;
				GCC_C_LANGUAGE_STANDARD = gnu11;
				GCC_DYNAMIC_NO_PIC = NO;
				GCC_NO_COMMON_BLOCKS = YES;
				GCC_OPTIMIZATION_LEVEL = 0;
				GCC_PREPROCESSOR_DEFINITIONS = (
					"DEBUG=1",
					"$(inherited)",
				);
				GCC_WARN_64_TO_32_BIT_CONVERSION = YES;
				GCC_WARN_ABOUT_RETURN_TYPE = YES_ERROR;
				GCC_WARN_UNDECLARED_SELECTOR = YES;
				GCC_WARN_UNINITIALIZED_AUTOS = YES_AGGRESSIVE;
				GCC_WARN_UNUSED_FUNCTION = YES;
				GCC_WARN_UNUSED_VARIABLE = YES;
				IPHONEOS_DEPLOYMENT_TARGET = 12.0;
				MTL_ENABLE_DEBUG_INFO = INCLUDE_SOURCE;
				MTL_FAST_MATH = YES;
				ONLY_ACTIVE_ARCH = YES;
				SDKROOT = iphoneos;
				SWIFT_ACTIVE_COMPILATION_CONDITIONS = DEBUG;
				SWIFT_OPTIMIZATION_LEVEL = "-Onone";
			};
			name = Debug;
		};
		87D2A3162163DFA4009D76E2 /* Release */ = {
			isa = XCBuildConfiguration;
			buildSettings = {
				ALWAYS_SEARCH_USER_PATHS = NO;
				CLANG_ANALYZER_NONNULL = YES;
				CLANG_ANALYZER_NUMBER_OBJECT_CONVERSION = YES_AGGRESSIVE;
				CLANG_CXX_LANGUAGE_STANDARD = "gnu++14";
				CLANG_CXX_LIBRARY = "libc++";
				CLANG_ENABLE_MODULES = YES;
				CLANG_ENABLE_OBJC_ARC = YES;
				CLANG_ENABLE_OBJC_WEAK = YES;
				CLANG_WARN_BLOCK_CAPTURE_AUTORELEASING = YES;
				CLANG_WARN_BOOL_CONVERSION = YES;
				CLANG_WARN_COMMA = YES;
				CLANG_WARN_CONSTANT_CONVERSION = YES;
				CLANG_WARN_DEPRECATED_OBJC_IMPLEMENTATIONS = YES;
				CLANG_WARN_DIRECT_OBJC_ISA_USAGE = YES_ERROR;
				CLANG_WARN_DOCUMENTATION_COMMENTS = YES;
				CLANG_WARN_EMPTY_BODY = YES;
				CLANG_WARN_ENUM_CONVERSION = YES;
				CLANG_WARN_INFINITE_RECURSION = YES;
				CLANG_WARN_INT_CONVERSION = YES;
				CLANG_WARN_NON_LITERAL_NULL_CONVERSION = YES;
				CLANG_WARN_OBJC_IMPLICIT_RETAIN_SELF = YES;
				CLANG_WARN_OBJC_LITERAL_CONVERSION = YES;
				CLANG_WARN_OBJC_ROOT_CLASS = YES_ERROR;
				CLANG_WARN_RANGE_LOOP_ANALYSIS = YES;
				CLANG_WARN_STRICT_PROTOTYPES = YES;
				CLANG_WARN_SUSPICIOUS_MOVE = YES;
				CLANG_WARN_UNGUARDED_AVAILABILITY = YES_AGGRESSIVE;
				CLANG_WARN_UNREACHABLE_CODE = YES;
				CLANG_WARN__DUPLICATE_METHOD_MATCH = YES;
				CODE_SIGN_IDENTITY = "iPhone Developer";
				COPY_PHASE_STRIP = NO;
				DEBUG_INFORMATION_FORMAT = "dwarf-with-dsym";
				ENABLE_NS_ASSERTIONS = NO;
				ENABLE_STRICT_OBJC_MSGSEND = YES;
				GCC_C_LANGUAGE_STANDARD = gnu11;
				GCC_NO_COMMON_BLOCKS = YES;
				GCC_WARN_64_TO_32_BIT_CONVERSION = YES;
				GCC_WARN_ABOUT_RETURN_TYPE = YES_ERROR;
				GCC_WARN_UNDECLARED_SELECTOR = YES;
				GCC_WARN_UNINITIALIZED_AUTOS = YES_AGGRESSIVE;
				GCC_WARN_UNUSED_FUNCTION = YES;
				GCC_WARN_UNUSED_VARIABLE = YES;
				IPHONEOS_DEPLOYMENT_TARGET = 12.0;
				MTL_ENABLE_DEBUG_INFO = NO;
				MTL_FAST_MATH = YES;
				SDKROOT = iphoneos;
				SWIFT_COMPILATION_MODE = wholemodule;
				SWIFT_OPTIMIZATION_LEVEL = "-O";
				VALIDATE_PRODUCT = YES;
			};
			name = Release;
		};
		87D2A3182163DFA4009D76E2 /* Debug */ = {
			isa = XCBuildConfiguration;
			buildSettings = {
				ASSETCATALOG_COMPILER_APPICON_NAME = AppIcon;
				CODE_SIGN_STYLE = Automatic;
				DEVELOPMENT_TEAM = LP562MV2A4;
				INFOPLIST_FILE = "Sprint-Module2-UIVTC/Info.plist";
				LD_RUNPATH_SEARCH_PATHS = (
					"$(inherited)",
					"@executable_path/Frameworks",
				);
				PRODUCT_BUNDLE_IDENTIFIER = "SprintModule.Sprint-Module2-UIVTC";
				PRODUCT_NAME = "$(TARGET_NAME)";
				SWIFT_VERSION = 4.2;
				TARGETED_DEVICE_FAMILY = "1,2";
			};
			name = Debug;
		};
		87D2A3192163DFA4009D76E2 /* Release */ = {
			isa = XCBuildConfiguration;
			buildSettings = {
				ASSETCATALOG_COMPILER_APPICON_NAME = AppIcon;
				CODE_SIGN_STYLE = Automatic;
				DEVELOPMENT_TEAM = LP562MV2A4;
				INFOPLIST_FILE = "Sprint-Module2-UIVTC/Info.plist";
				LD_RUNPATH_SEARCH_PATHS = (
					"$(inherited)",
					"@executable_path/Frameworks",
				);
				PRODUCT_BUNDLE_IDENTIFIER = "SprintModule.Sprint-Module2-UIVTC";
				PRODUCT_NAME = "$(TARGET_NAME)";
				SWIFT_VERSION = 4.2;
				TARGETED_DEVICE_FAMILY = "1,2";
			};
			name = Release;
		};
		87D2A31B2163DFA4009D76E2 /* Debug */ = {
			isa = XCBuildConfiguration;
			buildSettings = {
				ALWAYS_EMBED_SWIFT_STANDARD_LIBRARIES = YES;
				BUNDLE_LOADER = "$(TEST_HOST)";
				CODE_SIGN_STYLE = Automatic;
				DEVELOPMENT_TEAM = LP562MV2A4;
				INFOPLIST_FILE = "Sprint-Module2-UIVTCTests/Info.plist";
				LD_RUNPATH_SEARCH_PATHS = (
					"$(inherited)",
					"@executable_path/Frameworks",
					"@loader_path/Frameworks",
				);
				PRODUCT_BUNDLE_IDENTIFIER = "SprintModule.Sprint-Module2-UIVTCTests";
				PRODUCT_NAME = "$(TARGET_NAME)";
				SWIFT_VERSION = 4.2;
				TARGETED_DEVICE_FAMILY = "1,2";
				TEST_HOST = "$(BUILT_PRODUCTS_DIR)/Sprint-Module2-UIVTC.app/Sprint-Module2-UIVTC";
			};
			name = Debug;
		};
		87D2A31C2163DFA4009D76E2 /* Release */ = {
			isa = XCBuildConfiguration;
			buildSettings = {
				ALWAYS_EMBED_SWIFT_STANDARD_LIBRARIES = YES;
				BUNDLE_LOADER = "$(TEST_HOST)";
				CODE_SIGN_STYLE = Automatic;
				DEVELOPMENT_TEAM = LP562MV2A4;
				INFOPLIST_FILE = "Sprint-Module2-UIVTCTests/Info.plist";
				LD_RUNPATH_SEARCH_PATHS = (
					"$(inherited)",
					"@executable_path/Frameworks",
					"@loader_path/Frameworks",
				);
				PRODUCT_BUNDLE_IDENTIFIER = "SprintModule.Sprint-Module2-UIVTCTests";
				PRODUCT_NAME = "$(TARGET_NAME)";
				SWIFT_VERSION = 4.2;
				TARGETED_DEVICE_FAMILY = "1,2";
				TEST_HOST = "$(BUILT_PRODUCTS_DIR)/Sprint-Module2-UIVTC.app/Sprint-Module2-UIVTC";
			};
			name = Release;
		};
		87D2A31E2163DFA4009D76E2 /* Debug */ = {
			isa = XCBuildConfiguration;
			buildSettings = {
				ALWAYS_EMBED_SWIFT_STANDARD_LIBRARIES = YES;
				CODE_SIGN_STYLE = Automatic;
				DEVELOPMENT_TEAM = LP562MV2A4;
				INFOPLIST_FILE = "Sprint-Module2-UIVTCUITests/Info.plist";
				LD_RUNPATH_SEARCH_PATHS = (
					"$(inherited)",
					"@executable_path/Frameworks",
					"@loader_path/Frameworks",
				);
				PRODUCT_BUNDLE_IDENTIFIER = "SprintModule.Sprint-Module2-UIVTCUITests";
				PRODUCT_NAME = "$(TARGET_NAME)";
				SWIFT_VERSION = 4.2;
				TARGETED_DEVICE_FAMILY = "1,2";
				TEST_TARGET_NAME = "Sprint-Module2-UIVTC";
			};
			name = Debug;
		};
		87D2A31F2163DFA4009D76E2 /* Release */ = {
			isa = XCBuildConfiguration;
			buildSettings = {
				ALWAYS_EMBED_SWIFT_STANDARD_LIBRARIES = YES;
				CODE_SIGN_STYLE = Automatic;
				DEVELOPMENT_TEAM = LP562MV2A4;
				INFOPLIST_FILE = "Sprint-Module2-UIVTCUITests/Info.plist";
				LD_RUNPATH_SEARCH_PATHS = (
					"$(inherited)",
					"@executable_path/Frameworks",
					"@loader_path/Frameworks",
				);
				PRODUCT_BUNDLE_IDENTIFIER = "SprintModule.Sprint-Module2-UIVTCUITests";
				PRODUCT_NAME = "$(TARGET_NAME)";
				SWIFT_VERSION = 4.2;
				TARGETED_DEVICE_FAMILY = "1,2";
				TEST_TARGET_NAME = "Sprint-Module2-UIVTC";
			};
			name = Release;
		};
/* End XCBuildConfiguration section */

/* Begin XCConfigurationList section */
		87D2A2EA2163DFA3009D76E2 /* Build configuration list for PBXProject "Sprint-Module2-UIVTC" */ = {
			isa = XCConfigurationList;
			buildConfigurations = (
				87D2A3152163DFA4009D76E2 /* Debug */,
				87D2A3162163DFA4009D76E2 /* Release */,
			);
			defaultConfigurationIsVisible = 0;
			defaultConfigurationName = Release;
		};
		87D2A3172163DFA4009D76E2 /* Build configuration list for PBXNativeTarget "Sprint-Module2-UIVTC" */ = {
			isa = XCConfigurationList;
			buildConfigurations = (
				87D2A3182163DFA4009D76E2 /* Debug */,
				87D2A3192163DFA4009D76E2 /* Release */,
			);
			defaultConfigurationIsVisible = 0;
			defaultConfigurationName = Release;
		};
		87D2A31A2163DFA4009D76E2 /* Build configuration list for PBXNativeTarget "Sprint-Module2-UIVTCTests" */ = {
			isa = XCConfigurationList;
			buildConfigurations = (
				87D2A31B2163DFA4009D76E2 /* Debug */,
				87D2A31C2163DFA4009D76E2 /* Release */,
			);
			defaultConfigurationIsVisible = 0;
			defaultConfigurationName = Release;
		};
		87D2A31D2163DFA4009D76E2 /* Build configuration list for PBXNativeTarget "Sprint-Module2-UIVTCUITests" */ = {
			isa = XCConfigurationList;
			buildConfigurations = (
				87D2A31E2163DFA4009D76E2 /* Debug */,
				87D2A31F2163DFA4009D76E2 /* Release */,
			);
			defaultConfigurationIsVisible = 0;
			defaultConfigurationName = Release;
		};
/* End XCConfigurationList section */
	};
	rootObject = 87D2A2E72163DFA3009D76E2 /* Project object */;
}
