// !$*UTF8*$!
{
	archiveVersion = 1;
	classes = {
	};
	objectVersion = 50;
	objects = {

/* Begin PBXBuildFile section */
		8732470C2166AA48002CA196 /* AppDelegate.swift in Sources */ = {isa = PBXBuildFile; fileRef = 8732470B2166AA48002CA196 /* AppDelegate.swift */; };
		8732470E2166AA48002CA196 /* ViewController.swift in Sources */ = {isa = PBXBuildFile; fileRef = 8732470D2166AA48002CA196 /* ViewController.swift */; };
		873247112166AA48002CA196 /* Main.storyboard in Resources */ = {isa = PBXBuildFile; fileRef = 8732470F2166AA48002CA196 /* Main.storyboard */; };
		873247132166AA49002CA196 /* Assets.xcassets in Resources */ = {isa = PBXBuildFile; fileRef = 873247122166AA49002CA196 /* Assets.xcassets */; };
		873247162166AA49002CA196 /* LaunchScreen.storyboard in Resources */ = {isa = PBXBuildFile; fileRef = 873247142166AA49002CA196 /* LaunchScreen.storyboard */; };
		873247212166AA49002CA196 /* lambdaProjectOct4Tests.swift in Sources */ = {isa = PBXBuildFile; fileRef = 873247202166AA49002CA196 /* lambdaProjectOct4Tests.swift */; };
		8732472C2166AA49002CA196 /* lambdaProjectOct4UITests.swift in Sources */ = {isa = PBXBuildFile; fileRef = 8732472B2166AA49002CA196 /* lambdaProjectOct4UITests.swift */; };
		8732473C2166AA92002CA196 /* Vote.swift in Sources */ = {isa = PBXBuildFile; fileRef = 8732473B2166AA92002CA196 /* Vote.swift */; };
		8732473E2166AE87002CA196 /* Voting.storyboard in Resources */ = {isa = PBXBuildFile; fileRef = 8732473D2166AE87002CA196 /* Voting.storyboard */; };
		873247402166B6DE002CA196 /* VoteController.swift in Sources */ = {isa = PBXBuildFile; fileRef = 8732473F2166B6DE002CA196 /* VoteController.swift */; };
		873247442166C070002CA196 /* VotingViewController.swift in Sources */ = {isa = PBXBuildFile; fileRef = 873247432166C070002CA196 /* VotingViewController.swift */; };
		873247462166C2E7002CA196 /* Results.storyboard in Resources */ = {isa = PBXBuildFile; fileRef = 873247452166C2E7002CA196 /* Results.storyboard */; };
		873247482166C3C9002CA196 /* ResultsTableViewController.swift in Sources */ = {isa = PBXBuildFile; fileRef = 873247472166C3C9002CA196 /* ResultsTableViewController.swift */; };
		8732474A2166CC4D002CA196 /* Combined.storyboard in Resources */ = {isa = PBXBuildFile; fileRef = 873247492166CC4D002CA196 /* Combined.storyboard */; };
/* End PBXBuildFile section */

/* Begin PBXContainerItemProxy section */
		8732471D2166AA49002CA196 /* PBXContainerItemProxy */ = {
			isa = PBXContainerItemProxy;
			containerPortal = 873247002166AA48002CA196 /* Project object */;
			proxyType = 1;
			remoteGlobalIDString = 873247072166AA48002CA196;
			remoteInfo = lambdaProjectOct4;
		};
		873247282166AA49002CA196 /* PBXContainerItemProxy */ = {
			isa = PBXContainerItemProxy;
			containerPortal = 873247002166AA48002CA196 /* Project object */;
			proxyType = 1;
			remoteGlobalIDString = 873247072166AA48002CA196;
			remoteInfo = lambdaProjectOct4;
		};
/* End PBXContainerItemProxy section */

/* Begin PBXFileReference section */
		873247082166AA48002CA196 /* lambdaProjectOct4.app */ = {isa = PBXFileReference; explicitFileType = wrapper.application; includeInIndex = 0; path = lambdaProjectOct4.app; sourceTree = BUILT_PRODUCTS_DIR; };
		8732470B2166AA48002CA196 /* AppDelegate.swift */ = {isa = PBXFileReference; lastKnownFileType = sourcecode.swift; path = AppDelegate.swift; sourceTree = "<group>"; };
		8732470D2166AA48002CA196 /* ViewController.swift */ = {isa = PBXFileReference; lastKnownFileType = sourcecode.swift; path = ViewController.swift; sourceTree = "<group>"; };
		873247102166AA48002CA196 /* Base */ = {isa = PBXFileReference; lastKnownFileType = file.storyboard; name = Base; path = Base.lproj/Main.storyboard; sourceTree = "<group>"; };
		873247122166AA49002CA196 /* Assets.xcassets */ = {isa = PBXFileReference; lastKnownFileType = folder.assetcatalog; path = Assets.xcassets; sourceTree = "<group>"; };
		873247152166AA49002CA196 /* Base */ = {isa = PBXFileReference; lastKnownFileType = file.storyboard; name = Base; path = Base.lproj/LaunchScreen.storyboard; sourceTree = "<group>"; };
		873247172166AA49002CA196 /* Info.plist */ = {isa = PBXFileReference; lastKnownFileType = text.plist.xml; path = Info.plist; sourceTree = "<group>"; };
		8732471C2166AA49002CA196 /* lambdaProjectOct4Tests.xctest */ = {isa = PBXFileReference; explicitFileType = wrapper.cfbundle; includeInIndex = 0; path = lambdaProjectOct4Tests.xctest; sourceTree = BUILT_PRODUCTS_DIR; };
		873247202166AA49002CA196 /* lambdaProjectOct4Tests.swift */ = {isa = PBXFileReference; lastKnownFileType = sourcecode.swift; path = lambdaProjectOct4Tests.swift; sourceTree = "<group>"; };
		873247222166AA49002CA196 /* Info.plist */ = {isa = PBXFileReference; lastKnownFileType = text.plist.xml; path = Info.plist; sourceTree = "<group>"; };
		873247272166AA49002CA196 /* lambdaProjectOct4UITests.xctest */ = {isa = PBXFileReference; explicitFileType = wrapper.cfbundle; includeInIndex = 0; path = lambdaProjectOct4UITests.xctest; sourceTree = BUILT_PRODUCTS_DIR; };
		8732472B2166AA49002CA196 /* lambdaProjectOct4UITests.swift */ = {isa = PBXFileReference; lastKnownFileType = sourcecode.swift; path = lambdaProjectOct4UITests.swift; sourceTree = "<group>"; };
		8732472D2166AA49002CA196 /* Info.plist */ = {isa = PBXFileReference; lastKnownFileType = text.plist.xml; path = Info.plist; sourceTree = "<group>"; };
		8732473B2166AA92002CA196 /* Vote.swift */ = {isa = PBXFileReference; lastKnownFileType = sourcecode.swift; path = Vote.swift; sourceTree = "<group>"; };
		8732473D2166AE87002CA196 /* Voting.storyboard */ = {isa = PBXFileReference; lastKnownFileType = file.storyboard; path = Voting.storyboard; sourceTree = "<group>"; };
		8732473F2166B6DE002CA196 /* VoteController.swift */ = {isa = PBXFileReference; lastKnownFileType = sourcecode.swift; path = VoteController.swift; sourceTree = "<group>"; };
		873247432166C070002CA196 /* VotingViewController.swift */ = {isa = PBXFileReference; lastKnownFileType = sourcecode.swift; path = VotingViewController.swift; sourceTree = "<group>"; };
		873247452166C2E7002CA196 /* Results.storyboard */ = {isa = PBXFileReference; lastKnownFileType = file.storyboard; path = Results.storyboard; sourceTree = "<group>"; };
		873247472166C3C9002CA196 /* ResultsTableViewController.swift */ = {isa = PBXFileReference; lastKnownFileType = sourcecode.swift; path = ResultsTableViewController.swift; sourceTree = "<group>"; };
		873247492166CC4D002CA196 /* Combined.storyboard */ = {isa = PBXFileReference; lastKnownFileType = file.storyboard; path = Combined.storyboard; sourceTree = "<group>"; };
/* End PBXFileReference section */

/* Begin PBXFrameworksBuildPhase section */
		873247052166AA48002CA196 /* Frameworks */ = {
			isa = PBXFrameworksBuildPhase;
			buildActionMask = 2147483647;
			files = (
			);
			runOnlyForDeploymentPostprocessing = 0;
		};
		873247192166AA49002CA196 /* Frameworks */ = {
			isa = PBXFrameworksBuildPhase;
			buildActionMask = 2147483647;
			files = (
			);
			runOnlyForDeploymentPostprocessing = 0;
		};
		873247242166AA49002CA196 /* Frameworks */ = {
			isa = PBXFrameworksBuildPhase;
			buildActionMask = 2147483647;
			files = (
			);
			runOnlyForDeploymentPostprocessing = 0;
		};
/* End PBXFrameworksBuildPhase section */

/* Begin PBXGroup section */
		873246FF2166AA48002CA196 = {
			isa = PBXGroup;
			children = (
				8732470A2166AA48002CA196 /* lambdaProjectOct4 */,
				8732471F2166AA49002CA196 /* lambdaProjectOct4Tests */,
				8732472A2166AA49002CA196 /* lambdaProjectOct4UITests */,
				873247092166AA48002CA196 /* Products */,
			);
			sourceTree = "<group>";
		};
		873247092166AA48002CA196 /* Products */ = {
			isa = PBXGroup;
			children = (
				873247082166AA48002CA196 /* lambdaProjectOct4.app */,
				8732471C2166AA49002CA196 /* lambdaProjectOct4Tests.xctest */,
				873247272166AA49002CA196 /* lambdaProjectOct4UITests.xctest */,
			);
			name = Products;
			sourceTree = "<group>";
		};
		8732470A2166AA48002CA196 /* lambdaProjectOct4 */ = {
			isa = PBXGroup;
			children = (
				8732470B2166AA48002CA196 /* AppDelegate.swift */,
				8732470D2166AA48002CA196 /* ViewController.swift */,
				8732473F2166B6DE002CA196 /* VoteController.swift */,
				8732473B2166AA92002CA196 /* Vote.swift */,
				8732470F2166AA48002CA196 /* Main.storyboard */,
				8732473D2166AE87002CA196 /* Voting.storyboard */,
				873247452166C2E7002CA196 /* Results.storyboard */,
				873247492166CC4D002CA196 /* Combined.storyboard */,
				873247472166C3C9002CA196 /* ResultsTableViewController.swift */,
				873247432166C070002CA196 /* VotingViewController.swift */,
				873247122166AA49002CA196 /* Assets.xcassets */,
				873247142166AA49002CA196 /* LaunchScreen.storyboard */,
				873247172166AA49002CA196 /* Info.plist */,
			);
			path = lambdaProjectOct4;
			sourceTree = "<group>";
		};
		8732471F2166AA49002CA196 /* lambdaProjectOct4Tests */ = {
			isa = PBXGroup;
			children = (
				873247202166AA49002CA196 /* lambdaProjectOct4Tests.swift */,
				873247222166AA49002CA196 /* Info.plist */,
			);
			path = lambdaProjectOct4Tests;
			sourceTree = "<group>";
		};
		8732472A2166AA49002CA196 /* lambdaProjectOct4UITests */ = {
			isa = PBXGroup;
			children = (
				8732472B2166AA49002CA196 /* lambdaProjectOct4UITests.swift */,
				8732472D2166AA49002CA196 /* Info.plist */,
			);
			path = lambdaProjectOct4UITests;
			sourceTree = "<group>";
		};
/* End PBXGroup section */

/* Begin PBXNativeTarget section */
		873247072166AA48002CA196 /* lambdaProjectOct4 */ = {
			isa = PBXNativeTarget;
			buildConfigurationList = 873247302166AA49002CA196 /* Build configuration list for PBXNativeTarget "lambdaProjectOct4" */;
			buildPhases = (
				873247042166AA48002CA196 /* Sources */,
				873247052166AA48002CA196 /* Frameworks */,
				873247062166AA48002CA196 /* Resources */,
			);
			buildRules = (
			);
			dependencies = (
			);
			name = lambdaProjectOct4;
			productName = lambdaProjectOct4;
			productReference = 873247082166AA48002CA196 /* lambdaProjectOct4.app */;
			productType = "com.apple.product-type.application";
		};
		8732471B2166AA49002CA196 /* lambdaProjectOct4Tests */ = {
			isa = PBXNativeTarget;
			buildConfigurationList = 873247332166AA49002CA196 /* Build configuration list for PBXNativeTarget "lambdaProjectOct4Tests" */;
			buildPhases = (
				873247182166AA49002CA196 /* Sources */,
				873247192166AA49002CA196 /* Frameworks */,
				8732471A2166AA49002CA196 /* Resources */,
			);
			buildRules = (
			);
			dependencies = (
				8732471E2166AA49002CA196 /* PBXTargetDependency */,
			);
			name = lambdaProjectOct4Tests;
			productName = lambdaProjectOct4Tests;
			productReference = 8732471C2166AA49002CA196 /* lambdaProjectOct4Tests.xctest */;
			productType = "com.apple.product-type.bundle.unit-test";
		};
		873247262166AA49002CA196 /* lambdaProjectOct4UITests */ = {
			isa = PBXNativeTarget;
			buildConfigurationList = 873247362166AA49002CA196 /* Build configuration list for PBXNativeTarget "lambdaProjectOct4UITests" */;
			buildPhases = (
				873247232166AA49002CA196 /* Sources */,
				873247242166AA49002CA196 /* Frameworks */,
				873247252166AA49002CA196 /* Resources */,
			);
			buildRules = (
			);
			dependencies = (
				873247292166AA49002CA196 /* PBXTargetDependency */,
			);
			name = lambdaProjectOct4UITests;
			productName = lambdaProjectOct4UITests;
			productReference = 873247272166AA49002CA196 /* lambdaProjectOct4UITests.xctest */;
			productType = "com.apple.product-type.bundle.ui-testing";
		};
/* End PBXNativeTarget section */

/* Begin PBXProject section */
		873247002166AA48002CA196 /* Project object */ = {
			isa = PBXProject;
			attributes = {
				LastSwiftUpdateCheck = 1000;
				LastUpgradeCheck = 1000;
				ORGANIZATIONNAME = "Ariel M. McLaughlin";
				TargetAttributes = {
					873247072166AA48002CA196 = {
						CreatedOnToolsVersion = 10.0;
					};
					8732471B2166AA49002CA196 = {
						CreatedOnToolsVersion = 10.0;
						TestTargetID = 873247072166AA48002CA196;
					};
					873247262166AA49002CA196 = {
						CreatedOnToolsVersion = 10.0;
						TestTargetID = 873247072166AA48002CA196;
					};
				};
			};
			buildConfigurationList = 873247032166AA48002CA196 /* Build configuration list for PBXProject "lambdaProjectOct4" */;
			compatibilityVersion = "Xcode 9.3";
			developmentRegion = en;
			hasScannedForEncodings = 0;
			knownRegions = (
				en,
				Base,
			);
			mainGroup = 873246FF2166AA48002CA196;
			productRefGroup = 873247092166AA48002CA196 /* Products */;
			projectDirPath = "";
			projectRoot = "";
			targets = (
				873247072166AA48002CA196 /* lambdaProjectOct4 */,
				8732471B2166AA49002CA196 /* lambdaProjectOct4Tests */,
				873247262166AA49002CA196 /* lambdaProjectOct4UITests */,
			);
		};
/* End PBXProject section */

/* Begin PBXResourcesBuildPhase section */
		873247062166AA48002CA196 /* Resources */ = {
			isa = PBXResourcesBuildPhase;
			buildActionMask = 2147483647;
			files = (
				873247162166AA49002CA196 /* LaunchScreen.storyboard in Resources */,
				873247462166C2E7002CA196 /* Results.storyboard in Resources */,
				873247132166AA49002CA196 /* Assets.xcassets in Resources */,
				873247112166AA48002CA196 /* Main.storyboard in Resources */,
				8732473E2166AE87002CA196 /* Voting.storyboard in Resources */,
				8732474A2166CC4D002CA196 /* Combined.storyboard in Resources */,
			);
			runOnlyForDeploymentPostprocessing = 0;
		};
		8732471A2166AA49002CA196 /* Resources */ = {
			isa = PBXResourcesBuildPhase;
			buildActionMask = 2147483647;
			files = (
			);
			runOnlyForDeploymentPostprocessing = 0;
		};
		873247252166AA49002CA196 /* Resources */ = {
			isa = PBXResourcesBuildPhase;
			buildActionMask = 2147483647;
			files = (
			);
			runOnlyForDeploymentPostprocessing = 0;
		};
/* End PBXResourcesBuildPhase section */

/* Begin PBXSourcesBuildPhase section */
		873247042166AA48002CA196 /* Sources */ = {
			isa = PBXSourcesBuildPhase;
			buildActionMask = 2147483647;
			files = (
				873247482166C3C9002CA196 /* ResultsTableViewController.swift in Sources */,
				8732470E2166AA48002CA196 /* ViewController.swift in Sources */,
				873247402166B6DE002CA196 /* VoteController.swift in Sources */,
				8732473C2166AA92002CA196 /* Vote.swift in Sources */,
				8732470C2166AA48002CA196 /* AppDelegate.swift in Sources */,
				873247442166C070002CA196 /* VotingViewController.swift in Sources */,
			);
			runOnlyForDeploymentPostprocessing = 0;
		};
		873247182166AA49002CA196 /* Sources */ = {
			isa = PBXSourcesBuildPhase;
			buildActionMask = 2147483647;
			files = (
				873247212166AA49002CA196 /* lambdaProjectOct4Tests.swift in Sources */,
			);
			runOnlyForDeploymentPostprocessing = 0;
		};
		873247232166AA49002CA196 /* Sources */ = {
			isa = PBXSourcesBuildPhase;
			buildActionMask = 2147483647;
			files = (
				8732472C2166AA49002CA196 /* lambdaProjectOct4UITests.swift in Sources */,
			);
			runOnlyForDeploymentPostprocessing = 0;
		};
/* End PBXSourcesBuildPhase section */

/* Begin PBXTargetDependency section */
		8732471E2166AA49002CA196 /* PBXTargetDependency */ = {
			isa = PBXTargetDependency;
			target = 873247072166AA48002CA196 /* lambdaProjectOct4 */;
			targetProxy = 8732471D2166AA49002CA196 /* PBXContainerItemProxy */;
		};
		873247292166AA49002CA196 /* PBXTargetDependency */ = {
			isa = PBXTargetDependency;
			target = 873247072166AA48002CA196 /* lambdaProjectOct4 */;
			targetProxy = 873247282166AA49002CA196 /* PBXContainerItemProxy */;
		};
/* End PBXTargetDependency section */

/* Begin PBXVariantGroup section */
		8732470F2166AA48002CA196 /* Main.storyboard */ = {
			isa = PBXVariantGroup;
			children = (
				873247102166AA48002CA196 /* Base */,
			);
			name = Main.storyboard;
			sourceTree = "<group>";
		};
		873247142166AA49002CA196 /* LaunchScreen.storyboard */ = {
			isa = PBXVariantGroup;
			children = (
				873247152166AA49002CA196 /* Base */,
			);
			name = LaunchScreen.storyboard;
			sourceTree = "<group>";
		};
/* End PBXVariantGroup section */

/* Begin XCBuildConfiguration section */
		8732472E2166AA49002CA196 /* Debug */ = {
			isa = XCBuildConfiguration;
			buildSettings = {
				ALWAYS_SEARCH_USER_PATHS = NO;
				CLANG_ANALYZER_NONNULL = YES;
				CLANG_ANALYZER_NUMBER_OBJECT_CONVERSION = YES_AGGRESSIVE;
				CLANG_CXX_LANGUAGE_STANDARD = "gnu++14";
				CLANG_CXX_LIBRARY = "libc++";
				CLANG_ENABLE_MODULES = YES;
				CLANG_ENABLE_OBJC_ARC = YES;
				CLANG_ENABLE_OBJC_WEAK = YES;
				CLANG_WARN_BLOCK_CAPTURE_AUTORELEASING = YES;
				CLANG_WARN_BOOL_CONVERSION = YES;
				CLANG_WARN_COMMA = YES;
				CLANG_WARN_CONSTANT_CONVERSION = YES;
				CLANG_WARN_DEPRECATED_OBJC_IMPLEMENTATIONS = YES;
				CLANG_WARN_DIRECT_OBJC_ISA_USAGE = YES_ERROR;
				CLANG_WARN_DOCUMENTATION_COMMENTS = YES;
				CLANG_WARN_EMPTY_BODY = YES;
				CLANG_WARN_ENUM_CONVERSION = YES;
				CLANG_WARN_INFINITE_RECURSION = YES;
				CLANG_WARN_INT_CONVERSION = YES;
				CLANG_WARN_NON_LITERAL_NULL_CONVERSION = YES;
				CLANG_WARN_OBJC_IMPLICIT_RETAIN_SELF = YES;
				CLANG_WARN_OBJC_LITERAL_CONVERSION = YES;
				CLANG_WARN_OBJC_ROOT_CLASS = YES_ERROR;
				CLANG_WARN_RANGE_LOOP_ANALYSIS = YES;
				CLANG_WARN_STRICT_PROTOTYPES = YES;
				CLANG_WARN_SUSPICIOUS_MOVE = YES;
				CLANG_WARN_UNGUARDED_AVAILABILITY = YES_AGGRESSIVE;
				CLANG_WARN_UNREACHABLE_CODE = YES;
				CLANG_WARN__DUPLICATE_METHOD_MATCH = YES;
				CODE_SIGN_IDENTITY = "iPhone Developer";
				COPY_PHASE_STRIP = NO;
				DEBUG_INFORMATION_FORMAT = dwarf;
				ENABLE_STRICT_OBJC_MSGSEND = YES;
				ENABLE_TESTABILITY = YES;
				GCC_C_LANGUAGE_STANDARD = gnu11;
				GCC_DYNAMIC_NO_PIC = NO;
				GCC_NO_COMMON_BLOCKS = YES;
				GCC_OPTIMIZATION_LEVEL = 0;
				GCC_PREPROCESSOR_DEFINITIONS = (
					"DEBUG=1",
					"$(inherited)",
				);
				GCC_WARN_64_TO_32_BIT_CONVERSION = YES;
				GCC_WARN_ABOUT_RETURN_TYPE = YES_ERROR;
				GCC_WARN_UNDECLARED_SELECTOR = YES;
				GCC_WARN_UNINITIALIZED_AUTOS = YES_AGGRESSIVE;
				GCC_WARN_UNUSED_FUNCTION = YES;
				GCC_WARN_UNUSED_VARIABLE = YES;
				IPHONEOS_DEPLOYMENT_TARGET = 12.0;
				MTL_ENABLE_DEBUG_INFO = INCLUDE_SOURCE;
				MTL_FAST_MATH = YES;
				ONLY_ACTIVE_ARCH = YES;
				SDKROOT = iphoneos;
				SWIFT_ACTIVE_COMPILATION_CONDITIONS = DEBUG;
				SWIFT_OPTIMIZATION_LEVEL = "-Onone";
			};
			name = Debug;
		};
		8732472F2166AA49002CA196 /* Release */ = {
			isa = XCBuildConfiguration;
			buildSettings = {
				ALWAYS_SEARCH_USER_PATHS = NO;
				CLANG_ANALYZER_NONNULL = YES;
				CLANG_ANALYZER_NUMBER_OBJECT_CONVERSION = YES_AGGRESSIVE;
				CLANG_CXX_LANGUAGE_STANDARD = "gnu++14";
				CLANG_CXX_LIBRARY = "libc++";
				CLANG_ENABLE_MODULES = YES;
				CLANG_ENABLE_OBJC_ARC = YES;
				CLANG_ENABLE_OBJC_WEAK = YES;
				CLANG_WARN_BLOCK_CAPTURE_AUTORELEASING = YES;
				CLANG_WARN_BOOL_CONVERSION = YES;
				CLANG_WARN_COMMA = YES;
				CLANG_WARN_CONSTANT_CONVERSION = YES;
				CLANG_WARN_DEPRECATED_OBJC_IMPLEMENTATIONS = YES;
				CLANG_WARN_DIRECT_OBJC_ISA_USAGE = YES_ERROR;
				CLANG_WARN_DOCUMENTATION_COMMENTS = YES;
				CLANG_WARN_EMPTY_BODY = YES;
				CLANG_WARN_ENUM_CONVERSION = YES;
				CLANG_WARN_INFINITE_RECURSION = YES;
				CLANG_WARN_INT_CONVERSION = YES;
				CLANG_WARN_NON_LITERAL_NULL_CONVERSION = YES;
				CLANG_WARN_OBJC_IMPLICIT_RETAIN_SELF = YES;
				CLANG_WARN_OBJC_LITERAL_CONVERSION = YES;
				CLANG_WARN_OBJC_ROOT_CLASS = YES_ERROR;
				CLANG_WARN_RANGE_LOOP_ANALYSIS = YES;
				CLANG_WARN_STRICT_PROTOTYPES = YES;
				CLANG_WARN_SUSPICIOUS_MOVE = YES;
				CLANG_WARN_UNGUARDED_AVAILABILITY = YES_AGGRESSIVE;
				CLANG_WARN_UNREACHABLE_CODE = YES;
				CLANG_WARN__DUPLICATE_METHOD_MATCH = YES;
				CODE_SIGN_IDENTITY = "iPhone Developer";
				COPY_PHASE_STRIP = NO;
				DEBUG_INFORMATION_FORMAT = "dwarf-with-dsym";
				ENABLE_NS_ASSERTIONS = NO;
				ENABLE_STRICT_OBJC_MSGSEND = YES;
				GCC_C_LANGUAGE_STANDARD = gnu11;
				GCC_NO_COMMON_BLOCKS = YES;
				GCC_WARN_64_TO_32_BIT_CONVERSION = YES;
				GCC_WARN_ABOUT_RETURN_TYPE = YES_ERROR;
				GCC_WARN_UNDECLARED_SELECTOR = YES;
				GCC_WARN_UNINITIALIZED_AUTOS = YES_AGGRESSIVE;
				GCC_WARN_UNUSED_FUNCTION = YES;
				GCC_WARN_UNUSED_VARIABLE = YES;
				IPHONEOS_DEPLOYMENT_TARGET = 12.0;
				MTL_ENABLE_DEBUG_INFO = NO;
				MTL_FAST_MATH = YES;
				SDKROOT = iphoneos;
				SWIFT_COMPILATION_MODE = wholemodule;
				SWIFT_OPTIMIZATION_LEVEL = "-O";
				VALIDATE_PRODUCT = YES;
			};
			name = Release;
		};
		873247312166AA49002CA196 /* Debug */ = {
			isa = XCBuildConfiguration;
			buildSettings = {
				ASSETCATALOG_COMPILER_APPICON_NAME = AppIcon;
				CODE_SIGN_STYLE = Automatic;
				DEVELOPMENT_TEAM = LP562MV2A4;
				INFOPLIST_FILE = lambdaProjectOct4/Info.plist;
				LD_RUNPATH_SEARCH_PATHS = (
					"$(inherited)",
					"@executable_path/Frameworks",
				);
				PRODUCT_BUNDLE_IDENTIFIER = SprintModule.lambdaProjectOct4;
				PRODUCT_NAME = "$(TARGET_NAME)";
				SWIFT_VERSION = 4.2;
				TARGETED_DEVICE_FAMILY = "1,2";
			};
			name = Debug;
		};
		873247322166AA49002CA196 /* Release */ = {
			isa = XCBuildConfiguration;
			buildSettings = {
				ASSETCATALOG_COMPILER_APPICON_NAME = AppIcon;
				CODE_SIGN_STYLE = Automatic;
				DEVELOPMENT_TEAM = LP562MV2A4;
				INFOPLIST_FILE = lambdaProjectOct4/Info.plist;
				LD_RUNPATH_SEARCH_PATHS = (
					"$(inherited)",
					"@executable_path/Frameworks",
				);
				PRODUCT_BUNDLE_IDENTIFIER = SprintModule.lambdaProjectOct4;
				PRODUCT_NAME = "$(TARGET_NAME)";
				SWIFT_VERSION = 4.2;
				TARGETED_DEVICE_FAMILY = "1,2";
			};
			name = Release;
		};
		873247342166AA49002CA196 /* Debug */ = {
			isa = XCBuildConfiguration;
			buildSettings = {
				ALWAYS_EMBED_SWIFT_STANDARD_LIBRARIES = YES;
				BUNDLE_LOADER = "$(TEST_HOST)";
				CODE_SIGN_STYLE = Automatic;
				DEVELOPMENT_TEAM = LP562MV2A4;
				INFOPLIST_FILE = lambdaProjectOct4Tests/Info.plist;
				LD_RUNPATH_SEARCH_PATHS = (
					"$(inherited)",
					"@executable_path/Frameworks",
					"@loader_path/Frameworks",
				);
				PRODUCT_BUNDLE_IDENTIFIER = SprintModule.lambdaProjectOct4Tests;
				PRODUCT_NAME = "$(TARGET_NAME)";
				SWIFT_VERSION = 4.2;
				TARGETED_DEVICE_FAMILY = "1,2";
				TEST_HOST = "$(BUILT_PRODUCTS_DIR)/lambdaProjectOct4.app/lambdaProjectOct4";
			};
			name = Debug;
		};
		873247352166AA49002CA196 /* Release */ = {
			isa = XCBuildConfiguration;
			buildSettings = {
				ALWAYS_EMBED_SWIFT_STANDARD_LIBRARIES = YES;
				BUNDLE_LOADER = "$(TEST_HOST)";
				CODE_SIGN_STYLE = Automatic;
				DEVELOPMENT_TEAM = LP562MV2A4;
				INFOPLIST_FILE = lambdaProjectOct4Tests/Info.plist;
				LD_RUNPATH_SEARCH_PATHS = (
					"$(inherited)",
					"@executable_path/Frameworks",
					"@loader_path/Frameworks",
				);
				PRODUCT_BUNDLE_IDENTIFIER = SprintModule.lambdaProjectOct4Tests;
				PRODUCT_NAME = "$(TARGET_NAME)";
				SWIFT_VERSION = 4.2;
				TARGETED_DEVICE_FAMILY = "1,2";
				TEST_HOST = "$(BUILT_PRODUCTS_DIR)/lambdaProjectOct4.app/lambdaProjectOct4";
			};
			name = Release;
		};
		873247372166AA49002CA196 /* Debug */ = {
			isa = XCBuildConfiguration;
			buildSettings = {
				ALWAYS_EMBED_SWIFT_STANDARD_LIBRARIES = YES;
				CODE_SIGN_STYLE = Automatic;
				DEVELOPMENT_TEAM = LP562MV2A4;
				INFOPLIST_FILE = lambdaProjectOct4UITests/Info.plist;
				LD_RUNPATH_SEARCH_PATHS = (
					"$(inherited)",
					"@executable_path/Frameworks",
					"@loader_path/Frameworks",
				);
				PRODUCT_BUNDLE_IDENTIFIER = SprintModule.lambdaProjectOct4UITests;
				PRODUCT_NAME = "$(TARGET_NAME)";
				SWIFT_VERSION = 4.2;
				TARGETED_DEVICE_FAMILY = "1,2";
				TEST_TARGET_NAME = lambdaProjectOct4;
			};
			name = Debug;
		};
		873247382166AA49002CA196 /* Release */ = {
			isa = XCBuildConfiguration;
			buildSettings = {
				ALWAYS_EMBED_SWIFT_STANDARD_LIBRARIES = YES;
				CODE_SIGN_STYLE = Automatic;
				DEVELOPMENT_TEAM = LP562MV2A4;
				INFOPLIST_FILE = lambdaProjectOct4UITests/Info.plist;
				LD_RUNPATH_SEARCH_PATHS = (
					"$(inherited)",
					"@executable_path/Frameworks",
					"@loader_path/Frameworks",
				);
				PRODUCT_BUNDLE_IDENTIFIER = SprintModule.lambdaProjectOct4UITests;
				PRODUCT_NAME = "$(TARGET_NAME)";
				SWIFT_VERSION = 4.2;
				TARGETED_DEVICE_FAMILY = "1,2";
				TEST_TARGET_NAME = lambdaProjectOct4;
			};
			name = Release;
		};
/* End XCBuildConfiguration section */

/* Begin XCConfigurationList section */
		873247032166AA48002CA196 /* Build configuration list for PBXProject "lambdaProjectOct4" */ = {
			isa = XCConfigurationList;
			buildConfigurations = (
				8732472E2166AA49002CA196 /* Debug */,
				8732472F2166AA49002CA196 /* Release */,
			);
			defaultConfigurationIsVisible = 0;
			defaultConfigurationName = Release;
		};
		873247302166AA49002CA196 /* Build configuration list for PBXNativeTarget "lambdaProjectOct4" */ = {
			isa = XCConfigurationList;
			buildConfigurations = (
				873247312166AA49002CA196 /* Debug */,
				873247322166AA49002CA196 /* Release */,
			);
			defaultConfigurationIsVisible = 0;
			defaultConfigurationName = Release;
		};
		873247332166AA49002CA196 /* Build configuration list for PBXNativeTarget "lambdaProjectOct4Tests" */ = {
			isa = XCConfigurationList;
			buildConfigurations = (
				873247342166AA49002CA196 /* Debug */,
				873247352166AA49002CA196 /* Release */,
			);
			defaultConfigurationIsVisible = 0;
			defaultConfigurationName = Release;
		};
		873247362166AA49002CA196 /* Build configuration list for PBXNativeTarget "lambdaProjectOct4UITests" */ = {
			isa = XCConfigurationList;
			buildConfigurations = (
				873247372166AA49002CA196 /* Debug */,
				873247382166AA49002CA196 /* Release */,
			);
			defaultConfigurationIsVisible = 0;
			defaultConfigurationName = Release;
		};
/* End XCConfigurationList section */
	};
	rootObject = 873247002166AA48002CA196 /* Project object */;
}
